// !$*UTF8*$!
{
	archiveVersion = 1;
	classes = {
	};
	objectVersion = 56;
	objects = {

/* Begin PBXBuildFile section */
		324247A72976674300382F74 /* 가까운 수.swift in Sources */ = {isa = PBXBuildFile; fileRef = 324247A62976674300382F74 /* 가까운 수.swift */; };
		324247A929766C7900382F74 /* 369게임.swift in Sources */ = {isa = PBXBuildFile; fileRef = 324247A829766C7900382F74 /* 369게임.swift */; };
		324247AB29766E8900382F74 /* 대문자와 소문자.swift in Sources */ = {isa = PBXBuildFile; fileRef = 324247AA29766E8900382F74 /* 대문자와 소문자.swift */; };
		324247AD2976764600382F74 /* 영어가 싫어요.swift in Sources */ = {isa = PBXBuildFile; fileRef = 324247AC2976764600382F74 /* 영어가 싫어요.swift */; };
		324247AF2976873C00382F74 /* 인덱스 바꾸기.swift in Sources */ = {isa = PBXBuildFile; fileRef = 324247AE2976873C00382F74 /* 인덱스 바꾸기.swift */; };
		324247B1297689CB00382F74 /* 한 번만 등장한 문자.swift in Sources */ = {isa = PBXBuildFile; fileRef = 324247B0297689CB00382F74 /* 한 번만 등장한 문자.swift */; };
		324247B329768FE900382F74 /* 약수 구하기.swift in Sources */ = {isa = PBXBuildFile; fileRef = 324247B229768FE900382F74 /* 약수 구하기.swift */; };
		324247B52977960E00382F74 /* 가장 큰 수 찾기.swift in Sources */ = {isa = PBXBuildFile; fileRef = 324247B42977960E00382F74 /* 가장 큰 수 찾기.swift */; };
		324247B72977A80400382F74 /* 문자열 계산하기.swift in Sources */ = {isa = PBXBuildFile; fileRef = 324247B62977A80400382F74 /* 문자열 계산하기.swift */; };
		324247B92977AE8300382F74 /* 숫자 찾기.swift in Sources */ = {isa = PBXBuildFile; fileRef = 324247B82977AE8300382F74 /* 숫자 찾기.swift */; };
		324247BB2977BD6C00382F74 /* OX퀴즈.swift in Sources */ = {isa = PBXBuildFile; fileRef = 324247BA2977BD6C00382F74 /* OX퀴즈.swift */; };
		324247C3297A48C100382F74 /* 문자열 정렬하기(2).swift in Sources */ = {isa = PBXBuildFile; fileRef = 324247C2297A48C100382F74 /* 문자열 정렬하기(2).swift */; };
		324247C5297A518000382F74 /* 7의 개수.swift in Sources */ = {isa = PBXBuildFile; fileRef = 324247C4297A518000382F74 /* 7의 개수.swift */; };
		324247C7297A549300382F74 /* 잘라서 배열로 저장하기.swift in Sources */ = {isa = PBXBuildFile; fileRef = 324247C6297A549300382F74 /* 잘라서 배열로 저장하기.swift */; };
		327E05FA2980EDAB00990E3E /* 직사각형 넓이 구하기.swift in Sources */ = {isa = PBXBuildFile; fileRef = 327E05F92980EDAB00990E3E /* 직사각형 넓이 구하기.swift */; };
		327E05FC2982371B00990E3E /* 캐릭터의 좌표.swift in Sources */ = {isa = PBXBuildFile; fileRef = 327E05FB2982371B00990E3E /* 캐릭터의 좌표.swift */; };
		327E05FE29823EC300990E3E /* 최댓값 만들기(2).swift in Sources */ = {isa = PBXBuildFile; fileRef = 327E05FD29823EC300990E3E /* 최댓값 만들기(2).swift */; };
		327E060029838C5D00990E3E /* 다항식 더하기.swift in Sources */ = {isa = PBXBuildFile; fileRef = 327E05FF29838C5D00990E3E /* 다항식 더하기.swift */; };
		328EC3152970237C007307D4 /* main.swift in Sources */ = {isa = PBXBuildFile; fileRef = 328EC3142970237C007307D4 /* main.swift */; };
		328EC33729702431007307D4 /* 배열 자르기.swift in Sources */ = {isa = PBXBuildFile; fileRef = 328EC31D29702431007307D4 /* 배열 자르기.swift */; };
		328EC33829702431007307D4 /* 머쓱이보다 키 큰 사람.swift in Sources */ = {isa = PBXBuildFile; fileRef = 328EC31E29702431007307D4 /* 머쓱이보다 키 큰 사람.swift */; };
		328EC33929702431007307D4 /* 문자 반복 출력하기.swift in Sources */ = {isa = PBXBuildFile; fileRef = 328EC31F29702431007307D4 /* 문자 반복 출력하기.swift */; };
		328EC33A29702431007307D4 /* 짝수는 싫어요.swift in Sources */ = {isa = PBXBuildFile; fileRef = 328EC32029702431007307D4 /* 짝수는 싫어요.swift */; };
		328EC33B29702431007307D4 /* 아이스 아메리카노.swift in Sources */ = {isa = PBXBuildFile; fileRef = 328EC32129702431007307D4 /* 아이스 아메리카노.swift */; };
		328EC33C29702431007307D4 /* 특정 문자 제거하기.swift in Sources */ = {isa = PBXBuildFile; fileRef = 328EC32229702431007307D4 /* 특정 문자 제거하기.swift */; };
		328EC33D29702431007307D4 /* 팩토리얼.swift in Sources */ = {isa = PBXBuildFile; fileRef = 328EC32329702431007307D4 /* 팩토리얼.swift */; };
		328EC33E29702431007307D4 /* 중복된 숫자 개수.swift in Sources */ = {isa = PBXBuildFile; fileRef = 328EC32429702431007307D4 /* 중복된 숫자 개수.swift */; };
		328EC33F29702431007307D4 /* 각도기.swift in Sources */ = {isa = PBXBuildFile; fileRef = 328EC32529702431007307D4 /* 각도기.swift */; };
		328EC34029702431007307D4 /* 합성수 찾기.swift in Sources */ = {isa = PBXBuildFile; fileRef = 328EC32629702431007307D4 /* 합성수 찾기.swift */; };
		328EC34129702431007307D4 /* 삼각형의 완성조건(1).swift in Sources */ = {isa = PBXBuildFile; fileRef = 328EC32729702431007307D4 /* 삼각형의 완성조건(1).swift */; };
		328EC34229702431007307D4 /* 최댓값 만들기(1).swift in Sources */ = {isa = PBXBuildFile; fileRef = 328EC32829702431007307D4 /* 최댓값 만들기(1).swift */; };
		328EC34329702431007307D4 /* 옷 가게 할인 받기.swift in Sources */ = {isa = PBXBuildFile; fileRef = 328EC32929702431007307D4 /* 옷 가게 할인 받기.swift */; };
		328EC34429702431007307D4 /* 문자열 뒤집기.swift in Sources */ = {isa = PBXBuildFile; fileRef = 328EC32A29702431007307D4 /* 문자열 뒤집기.swift */; };
		328EC34529702431007307D4 /* 양꼬치.swift in Sources */ = {isa = PBXBuildFile; fileRef = 328EC32B29702431007307D4 /* 양꼬치.swift */; };
		328EC34629702431007307D4 /* 배열 원소의 길이.swift in Sources */ = {isa = PBXBuildFile; fileRef = 328EC32C29702431007307D4 /* 배열 원소의 길이.swift */; };
		328EC34729702431007307D4 /* 피자 나눠먹기(3).swift in Sources */ = {isa = PBXBuildFile; fileRef = 328EC32D29702431007307D4 /* 피자 나눠먹기(3).swift */; };
		328EC34829702431007307D4 /* 배열 뒤집기.swift in Sources */ = {isa = PBXBuildFile; fileRef = 328EC32E29702431007307D4 /* 배열 뒤집기.swift */; };
		328EC34929702431007307D4 /* 피자 나눠먹기(1).swift in Sources */ = {isa = PBXBuildFile; fileRef = 328EC32F29702431007307D4 /* 피자 나눠먹기(1).swift */; };
		328EC34A29702431007307D4 /* 짝수의 합.swift in Sources */ = {isa = PBXBuildFile; fileRef = 328EC33029702431007307D4 /* 짝수의 합.swift */; };
		328EC34B29702431007307D4 /* 나이 출력.swift in Sources */ = {isa = PBXBuildFile; fileRef = 328EC33129702431007307D4 /* 나이 출력.swift */; };
		328EC34C29702431007307D4 /* 짝수 홀수 개수.swift in Sources */ = {isa = PBXBuildFile; fileRef = 328EC33229702431007307D4 /* 짝수 홀수 개수.swift */; };
		328EC34D29702432007307D4 /* 직각삼각형 출력하기.swift in Sources */ = {isa = PBXBuildFile; fileRef = 328EC33329702431007307D4 /* 직각삼각형 출력하기.swift */; };
		328EC34E29702432007307D4 /* 점의 위치 구하기.swift in Sources */ = {isa = PBXBuildFile; fileRef = 328EC33429702431007307D4 /* 점의 위치 구하기.swift */; };
		328EC34F29702432007307D4 /* 주사위의 개수.swift in Sources */ = {isa = PBXBuildFile; fileRef = 328EC33529702431007307D4 /* 주사위의 개수.swift */; };
		328EC35029702432007307D4 /* 배열의 평균값.swift in Sources */ = {isa = PBXBuildFile; fileRef = 328EC33629702431007307D4 /* 배열의 평균값.swift */; };
		328EC35229702503007307D4 /* 모음 제거.swift in Sources */ = {isa = PBXBuildFile; fileRef = 328EC35129702503007307D4 /* 모음 제거.swift */; };
		328EC35429702870007307D4 /* 문자열 정렬하기(1).swift in Sources */ = {isa = PBXBuildFile; fileRef = 328EC35329702870007307D4 /* 문자열 정렬하기(1).swift */; };
		328EC35629702DC1007307D4 /* 숨어있는 숫자의 덧셈(1).swift in Sources */ = {isa = PBXBuildFile; fileRef = 328EC35529702DC1007307D4 /* 숨어있는 숫자의 덧셈(1).swift */; };
		32AAFB9E29725D0000DAF02E /* 소인수분해.swift in Sources */ = {isa = PBXBuildFile; fileRef = 32AAFB9D29725D0000DAF02E /* 소인수분해.swift */; };
		32AAFBA0297267C900DAF02E /* 컨트롤 제트.swift in Sources */ = {isa = PBXBuildFile; fileRef = 32AAFB9F297267C900DAF02E /* 컨트롤 제트.swift */; };
		32AAFBA429726CC200DAF02E /* 중복된 문자 제거.swift in Sources */ = {isa = PBXBuildFile; fileRef = 32AAFBA329726CC200DAF02E /* 중복된 문자 제거.swift */; };
		32AAFBA62972953A00DAF02E /* 세균 증식.swift in Sources */ = {isa = PBXBuildFile; fileRef = 32AAFBA52972953A00DAF02E /* 세균 증식.swift */; };
		32AAFBA82972964E00DAF02E /* n의 배수 고르기.swift in Sources */ = {isa = PBXBuildFile; fileRef = 32AAFBA72972964E00DAF02E /* n의 배수 고르기.swift */; };
		32AAFBAA2972B7ED00DAF02E /* 암호 해독.swift in Sources */ = {isa = PBXBuildFile; fileRef = 32AAFBA92972B7ED00DAF02E /* 암호 해독.swift */; };
/* End PBXBuildFile section */

/* Begin PBXCopyFilesBuildPhase section */
		328EC30F2970237C007307D4 /* CopyFiles */ = {
			isa = PBXCopyFilesBuildPhase;
			buildActionMask = 2147483647;
			dstPath = /usr/share/man/man1/;
			dstSubfolderSpec = 0;
			files = (
			);
			runOnlyForDeploymentPostprocessing = 1;
		};
/* End PBXCopyFilesBuildPhase section */

/* Begin PBXFileReference section */
		324247A62976674300382F74 /* 가까운 수.swift */ = {isa = PBXFileReference; lastKnownFileType = sourcecode.swift; path = "가까운 수.swift"; sourceTree = "<group>"; };
		324247A829766C7900382F74 /* 369게임.swift */ = {isa = PBXFileReference; lastKnownFileType = sourcecode.swift; path = "369게임.swift"; sourceTree = "<group>"; };
		324247AA29766E8900382F74 /* 대문자와 소문자.swift */ = {isa = PBXFileReference; lastKnownFileType = sourcecode.swift; path = "대문자와 소문자.swift"; sourceTree = "<group>"; };
		324247AC2976764600382F74 /* 영어가 싫어요.swift */ = {isa = PBXFileReference; lastKnownFileType = sourcecode.swift; path = "영어가 싫어요.swift"; sourceTree = "<group>"; };
		324247AE2976873C00382F74 /* 인덱스 바꾸기.swift */ = {isa = PBXFileReference; lastKnownFileType = sourcecode.swift; path = "인덱스 바꾸기.swift"; sourceTree = "<group>"; };
		324247B0297689CB00382F74 /* 한 번만 등장한 문자.swift */ = {isa = PBXFileReference; lastKnownFileType = sourcecode.swift; path = "한 번만 등장한 문자.swift"; sourceTree = "<group>"; };
		324247B229768FE900382F74 /* 약수 구하기.swift */ = {isa = PBXFileReference; lastKnownFileType = sourcecode.swift; path = "약수 구하기.swift"; sourceTree = "<group>"; };
		324247B42977960E00382F74 /* 가장 큰 수 찾기.swift */ = {isa = PBXFileReference; lastKnownFileType = sourcecode.swift; path = "가장 큰 수 찾기.swift"; sourceTree = "<group>"; };
		324247B62977A80400382F74 /* 문자열 계산하기.swift */ = {isa = PBXFileReference; lastKnownFileType = sourcecode.swift; path = "문자열 계산하기.swift"; sourceTree = "<group>"; };
		324247B82977AE8300382F74 /* 숫자 찾기.swift */ = {isa = PBXFileReference; lastKnownFileType = sourcecode.swift; path = "숫자 찾기.swift"; sourceTree = "<group>"; };
		324247BA2977BD6C00382F74 /* OX퀴즈.swift */ = {isa = PBXFileReference; lastKnownFileType = sourcecode.swift; path = "OX퀴즈.swift"; sourceTree = "<group>"; };
		324247C2297A48C100382F74 /* 문자열 정렬하기(2).swift */ = {isa = PBXFileReference; lastKnownFileType = sourcecode.swift; path = "문자열 정렬하기(2).swift"; sourceTree = "<group>"; };
		324247C4297A518000382F74 /* 7의 개수.swift */ = {isa = PBXFileReference; lastKnownFileType = sourcecode.swift; path = "7의 개수.swift"; sourceTree = "<group>"; };
		324247C6297A549300382F74 /* 잘라서 배열로 저장하기.swift */ = {isa = PBXFileReference; lastKnownFileType = sourcecode.swift; path = "잘라서 배열로 저장하기.swift"; sourceTree = "<group>"; };
		327E05F92980EDAB00990E3E /* 직사각형 넓이 구하기.swift */ = {isa = PBXFileReference; lastKnownFileType = sourcecode.swift; path = "직사각형 넓이 구하기.swift"; sourceTree = "<group>"; };
		327E05FB2982371B00990E3E /* 캐릭터의 좌표.swift */ = {isa = PBXFileReference; lastKnownFileType = sourcecode.swift; path = "캐릭터의 좌표.swift"; sourceTree = "<group>"; };
		327E05FD29823EC300990E3E /* 최댓값 만들기(2).swift */ = {isa = PBXFileReference; lastKnownFileType = sourcecode.swift; path = "최댓값 만들기(2).swift"; sourceTree = "<group>"; };
		327E05FF29838C5D00990E3E /* 다항식 더하기.swift */ = {isa = PBXFileReference; lastKnownFileType = sourcecode.swift; path = "다항식 더하기.swift"; sourceTree = "<group>"; };
		328EC3112970237C007307D4 /* CodingTest_Swift */ = {isa = PBXFileReference; explicitFileType = "compiled.mach-o.executable"; includeInIndex = 0; path = CodingTest_Swift; sourceTree = BUILT_PRODUCTS_DIR; };
		328EC3142970237C007307D4 /* main.swift */ = {isa = PBXFileReference; lastKnownFileType = sourcecode.swift; path = main.swift; sourceTree = "<group>"; };
		328EC31D29702431007307D4 /* 배열 자르기.swift */ = {isa = PBXFileReference; fileEncoding = 4; lastKnownFileType = sourcecode.swift; path = "배열 자르기.swift"; sourceTree = "<group>"; };
		328EC31E29702431007307D4 /* 머쓱이보다 키 큰 사람.swift */ = {isa = PBXFileReference; fileEncoding = 4; lastKnownFileType = sourcecode.swift; path = "머쓱이보다 키 큰 사람.swift"; sourceTree = "<group>"; };
		328EC31F29702431007307D4 /* 문자 반복 출력하기.swift */ = {isa = PBXFileReference; fileEncoding = 4; lastKnownFileType = sourcecode.swift; path = "문자 반복 출력하기.swift"; sourceTree = "<group>"; };
		328EC32029702431007307D4 /* 짝수는 싫어요.swift */ = {isa = PBXFileReference; fileEncoding = 4; lastKnownFileType = sourcecode.swift; path = "짝수는 싫어요.swift"; sourceTree = "<group>"; };
		328EC32129702431007307D4 /* 아이스 아메리카노.swift */ = {isa = PBXFileReference; fileEncoding = 4; lastKnownFileType = sourcecode.swift; path = "아이스 아메리카노.swift"; sourceTree = "<group>"; };
		328EC32229702431007307D4 /* 특정 문자 제거하기.swift */ = {isa = PBXFileReference; fileEncoding = 4; lastKnownFileType = sourcecode.swift; path = "특정 문자 제거하기.swift"; sourceTree = "<group>"; };
		328EC32329702431007307D4 /* 팩토리얼.swift */ = {isa = PBXFileReference; fileEncoding = 4; lastKnownFileType = sourcecode.swift; path = "팩토리얼.swift"; sourceTree = "<group>"; };
		328EC32429702431007307D4 /* 중복된 숫자 개수.swift */ = {isa = PBXFileReference; fileEncoding = 4; lastKnownFileType = sourcecode.swift; path = "중복된 숫자 개수.swift"; sourceTree = "<group>"; };
		328EC32529702431007307D4 /* 각도기.swift */ = {isa = PBXFileReference; fileEncoding = 4; lastKnownFileType = sourcecode.swift; path = "각도기.swift"; sourceTree = "<group>"; };
		328EC32629702431007307D4 /* 합성수 찾기.swift */ = {isa = PBXFileReference; fileEncoding = 4; lastKnownFileType = sourcecode.swift; path = "합성수 찾기.swift"; sourceTree = "<group>"; };
		328EC32729702431007307D4 /* 삼각형의 완성조건(1).swift */ = {isa = PBXFileReference; fileEncoding = 4; lastKnownFileType = sourcecode.swift; path = "삼각형의 완성조건(1).swift"; sourceTree = "<group>"; };
		328EC32829702431007307D4 /* 최댓값 만들기(1).swift */ = {isa = PBXFileReference; fileEncoding = 4; lastKnownFileType = sourcecode.swift; path = "최댓값 만들기(1).swift"; sourceTree = "<group>"; };
		328EC32929702431007307D4 /* 옷 가게 할인 받기.swift */ = {isa = PBXFileReference; fileEncoding = 4; lastKnownFileType = sourcecode.swift; path = "옷 가게 할인 받기.swift"; sourceTree = "<group>"; };
		328EC32A29702431007307D4 /* 문자열 뒤집기.swift */ = {isa = PBXFileReference; fileEncoding = 4; lastKnownFileType = sourcecode.swift; path = "문자열 뒤집기.swift"; sourceTree = "<group>"; };
		328EC32B29702431007307D4 /* 양꼬치.swift */ = {isa = PBXFileReference; fileEncoding = 4; lastKnownFileType = sourcecode.swift; path = "양꼬치.swift"; sourceTree = "<group>"; };
		328EC32C29702431007307D4 /* 배열 원소의 길이.swift */ = {isa = PBXFileReference; fileEncoding = 4; lastKnownFileType = sourcecode.swift; path = "배열 원소의 길이.swift"; sourceTree = "<group>"; };
		328EC32D29702431007307D4 /* 피자 나눠먹기(3).swift */ = {isa = PBXFileReference; fileEncoding = 4; lastKnownFileType = sourcecode.swift; path = "피자 나눠먹기(3).swift"; sourceTree = "<group>"; };
		328EC32E29702431007307D4 /* 배열 뒤집기.swift */ = {isa = PBXFileReference; fileEncoding = 4; lastKnownFileType = sourcecode.swift; path = "배열 뒤집기.swift"; sourceTree = "<group>"; };
		328EC32F29702431007307D4 /* 피자 나눠먹기(1).swift */ = {isa = PBXFileReference; fileEncoding = 4; lastKnownFileType = sourcecode.swift; path = "피자 나눠먹기(1).swift"; sourceTree = "<group>"; };
		328EC33029702431007307D4 /* 짝수의 합.swift */ = {isa = PBXFileReference; fileEncoding = 4; lastKnownFileType = sourcecode.swift; path = "짝수의 합.swift"; sourceTree = "<group>"; };
		328EC33129702431007307D4 /* 나이 출력.swift */ = {isa = PBXFileReference; fileEncoding = 4; lastKnownFileType = sourcecode.swift; path = "나이 출력.swift"; sourceTree = "<group>"; };
		328EC33229702431007307D4 /* 짝수 홀수 개수.swift */ = {isa = PBXFileReference; fileEncoding = 4; lastKnownFileType = sourcecode.swift; path = "짝수 홀수 개수.swift"; sourceTree = "<group>"; };
		328EC33329702431007307D4 /* 직각삼각형 출력하기.swift */ = {isa = PBXFileReference; fileEncoding = 4; lastKnownFileType = sourcecode.swift; path = "직각삼각형 출력하기.swift"; sourceTree = "<group>"; };
		328EC33429702431007307D4 /* 점의 위치 구하기.swift */ = {isa = PBXFileReference; fileEncoding = 4; lastKnownFileType = sourcecode.swift; path = "점의 위치 구하기.swift"; sourceTree = "<group>"; };
		328EC33529702431007307D4 /* 주사위의 개수.swift */ = {isa = PBXFileReference; fileEncoding = 4; lastKnownFileType = sourcecode.swift; path = "주사위의 개수.swift"; sourceTree = "<group>"; };
		328EC33629702431007307D4 /* 배열의 평균값.swift */ = {isa = PBXFileReference; fileEncoding = 4; lastKnownFileType = sourcecode.swift; path = "배열의 평균값.swift"; sourceTree = "<group>"; };
		328EC35129702503007307D4 /* 모음 제거.swift */ = {isa = PBXFileReference; lastKnownFileType = sourcecode.swift; path = "모음 제거.swift"; sourceTree = "<group>"; };
		328EC35329702870007307D4 /* 문자열 정렬하기(1).swift */ = {isa = PBXFileReference; lastKnownFileType = sourcecode.swift; path = "문자열 정렬하기(1).swift"; sourceTree = "<group>"; };
		328EC35529702DC1007307D4 /* 숨어있는 숫자의 덧셈(1).swift */ = {isa = PBXFileReference; lastKnownFileType = sourcecode.swift; path = "숨어있는 숫자의 덧셈(1).swift"; sourceTree = "<group>"; };
		32AAFB9D29725D0000DAF02E /* 소인수분해.swift */ = {isa = PBXFileReference; lastKnownFileType = sourcecode.swift; path = "소인수분해.swift"; sourceTree = "<group>"; };
		32AAFB9F297267C900DAF02E /* 컨트롤 제트.swift */ = {isa = PBXFileReference; lastKnownFileType = sourcecode.swift; path = "컨트롤 제트.swift"; sourceTree = "<group>"; };
		32AAFBA329726CC200DAF02E /* 중복된 문자 제거.swift */ = {isa = PBXFileReference; lastKnownFileType = sourcecode.swift; path = "중복된 문자 제거.swift"; sourceTree = "<group>"; };
		32AAFBA52972953A00DAF02E /* 세균 증식.swift */ = {isa = PBXFileReference; lastKnownFileType = sourcecode.swift; path = "세균 증식.swift"; sourceTree = "<group>"; };
		32AAFBA72972964E00DAF02E /* n의 배수 고르기.swift */ = {isa = PBXFileReference; lastKnownFileType = sourcecode.swift; path = "n의 배수 고르기.swift"; sourceTree = "<group>"; };
		32AAFBA92972B7ED00DAF02E /* 암호 해독.swift */ = {isa = PBXFileReference; lastKnownFileType = sourcecode.swift; path = "암호 해독.swift"; sourceTree = "<group>"; };
/* End PBXFileReference section */

/* Begin PBXFrameworksBuildPhase section */
		328EC30E2970237C007307D4 /* Frameworks */ = {
			isa = PBXFrameworksBuildPhase;
			buildActionMask = 2147483647;
			files = (
			);
			runOnlyForDeploymentPostprocessing = 0;
		};
/* End PBXFrameworksBuildPhase section */

/* Begin PBXGroup section */
		328EC3082970237C007307D4 = {
			isa = PBXGroup;
			children = (
				328EC3132970237C007307D4 /* CodingTest_Swift */,
				328EC3122970237C007307D4 /* Products */,
			);
			sourceTree = "<group>";
		};
		328EC3122970237C007307D4 /* Products */ = {
			isa = PBXGroup;
			children = (
				328EC3112970237C007307D4 /* CodingTest_Swift */,
			);
			name = Products;
			sourceTree = "<group>";
		};
		328EC3132970237C007307D4 /* CodingTest_Swift */ = {
			isa = PBXGroup;
			children = (
				328EC31B2970240E007307D4 /* 프로그래머스 */,
				328EC3142970237C007307D4 /* main.swift */,
			);
			path = CodingTest_Swift;
			sourceTree = "<group>";
		};
		328EC31B2970240E007307D4 /* 프로그래머스 */ = {
			isa = PBXGroup;
			children = (
				328EC31C29702419007307D4 /* 프로그래머스 기초문제 */,
			);
			name = "프로그래머스";
			path = "프로그래머스 기초문제";
			sourceTree = "<group>";
		};
		328EC31C29702419007307D4 /* 프로그래머스 기초문제 */ = {
			isa = PBXGroup;
			children = (
				328EC32529702431007307D4 /* 각도기.swift */,
				324247AE2976873C00382F74 /* 인덱스 바꾸기.swift */,
				327E05FF29838C5D00990E3E /* 다항식 더하기.swift */,
				324247B0297689CB00382F74 /* 한 번만 등장한 문자.swift */,
				328EC33129702431007307D4 /* 나이 출력.swift */,
				327E05FD29823EC300990E3E /* 최댓값 만들기(2).swift */,
				324247B229768FE900382F74 /* 약수 구하기.swift */,
				327E05F92980EDAB00990E3E /* 직사각형 넓이 구하기.swift */,
				324247AC2976764600382F74 /* 영어가 싫어요.swift */,
				324247C4297A518000382F74 /* 7의 개수.swift */,
				32AAFBA72972964E00DAF02E /* n의 배수 고르기.swift */,
				324247C6297A549300382F74 /* 잘라서 배열로 저장하기.swift */,
				327E05FB2982371B00990E3E /* 캐릭터의 좌표.swift */,
				32AAFBA92972B7ED00DAF02E /* 암호 해독.swift */,
				328EC31E29702431007307D4 /* 머쓱이보다 키 큰 사람.swift */,
				328EC31F29702431007307D4 /* 문자 반복 출력하기.swift */,
				328EC32A29702431007307D4 /* 문자열 뒤집기.swift */,
				324247C2297A48C100382F74 /* 문자열 정렬하기(2).swift */,
				324247AA29766E8900382F74 /* 대문자와 소문자.swift */,
				324247A829766C7900382F74 /* 369게임.swift */,
				324247B82977AE8300382F74 /* 숫자 찾기.swift */,
				328EC32E29702431007307D4 /* 배열 뒤집기.swift */,
				324247B62977A80400382F74 /* 문자열 계산하기.swift */,
				32AAFBA329726CC200DAF02E /* 중복된 문자 제거.swift */,
				324247BA2977BD6C00382F74 /* OX퀴즈.swift */,
				324247A62976674300382F74 /* 가까운 수.swift */,
				32AAFBA52972953A00DAF02E /* 세균 증식.swift */,
				32AAFB9F297267C900DAF02E /* 컨트롤 제트.swift */,
				328EC35329702870007307D4 /* 문자열 정렬하기(1).swift */,
				328EC32C29702431007307D4 /* 배열 원소의 길이.swift */,
				328EC31D29702431007307D4 /* 배열 자르기.swift */,
				328EC33629702431007307D4 /* 배열의 평균값.swift */,
				32AAFB9D29725D0000DAF02E /* 소인수분해.swift */,
				328EC32729702431007307D4 /* 삼각형의 완성조건(1).swift */,
				328EC32129702431007307D4 /* 아이스 아메리카노.swift */,
				328EC35529702DC1007307D4 /* 숨어있는 숫자의 덧셈(1).swift */,
				328EC32B29702431007307D4 /* 양꼬치.swift */,
				328EC32929702431007307D4 /* 옷 가게 할인 받기.swift */,
				328EC33429702431007307D4 /* 점의 위치 구하기.swift */,
				328EC33529702431007307D4 /* 주사위의 개수.swift */,
				328EC32429702431007307D4 /* 중복된 숫자 개수.swift */,
				328EC33329702431007307D4 /* 직각삼각형 출력하기.swift */,
				328EC33229702431007307D4 /* 짝수 홀수 개수.swift */,
				328EC32029702431007307D4 /* 짝수는 싫어요.swift */,
				328EC33029702431007307D4 /* 짝수의 합.swift */,
				328EC32829702431007307D4 /* 최댓값 만들기(1).swift */,
				328EC32229702431007307D4 /* 특정 문자 제거하기.swift */,
				328EC35129702503007307D4 /* 모음 제거.swift */,
				328EC32329702431007307D4 /* 팩토리얼.swift */,
				328EC32F29702431007307D4 /* 피자 나눠먹기(1).swift */,
				328EC32D29702431007307D4 /* 피자 나눠먹기(3).swift */,
				328EC32629702431007307D4 /* 합성수 찾기.swift */,
				324247B42977960E00382F74 /* 가장 큰 수 찾기.swift */,
			);
			name = "프로그래머스 기초문제";
			path = "프로그래머스 기초문제";
			sourceTree = "<group>";
		};
/* End PBXGroup section */

/* Begin PBXNativeTarget section */
		328EC3102970237C007307D4 /* CodingTest_Swift */ = {
			isa = PBXNativeTarget;
			buildConfigurationList = 328EC3182970237C007307D4 /* Build configuration list for PBXNativeTarget "CodingTest_Swift" */;
			buildPhases = (
				328EC30D2970237C007307D4 /* Sources */,
				328EC30E2970237C007307D4 /* Frameworks */,
				328EC30F2970237C007307D4 /* CopyFiles */,
			);
			buildRules = (
			);
			dependencies = (
			);
			name = CodingTest_Swift;
			productName = CodingTest_Swift;
			productReference = 328EC3112970237C007307D4 /* CodingTest_Swift */;
			productType = "com.apple.product-type.tool";
		};
/* End PBXNativeTarget section */

/* Begin PBXProject section */
		328EC3092970237C007307D4 /* Project object */ = {
			isa = PBXProject;
			attributes = {
				BuildIndependentTargetsInParallel = 1;
				LastSwiftUpdateCheck = 1420;
				LastUpgradeCheck = 1420;
				TargetAttributes = {
					328EC3102970237C007307D4 = {
						CreatedOnToolsVersion = 14.2;
					};
				};
			};
			buildConfigurationList = 328EC30C2970237C007307D4 /* Build configuration list for PBXProject "CodingTest_Swift" */;
			compatibilityVersion = "Xcode 14.0";
			developmentRegion = en;
			hasScannedForEncodings = 0;
			knownRegions = (
				en,
				Base,
			);
			mainGroup = 328EC3082970237C007307D4;
			productRefGroup = 328EC3122970237C007307D4 /* Products */;
			projectDirPath = "";
			projectRoot = "";
			targets = (
				328EC3102970237C007307D4 /* CodingTest_Swift */,
			);
		};
/* End PBXProject section */

/* Begin PBXSourcesBuildPhase section */
		328EC30D2970237C007307D4 /* Sources */ = {
			isa = PBXSourcesBuildPhase;
			buildActionMask = 2147483647;
			files = (
				324247B72977A80400382F74 /* 문자열 계산하기.swift in Sources */,
				328EC34A29702431007307D4 /* 짝수의 합.swift in Sources */,
				328EC34E29702432007307D4 /* 점의 위치 구하기.swift in Sources */,
				32AAFBA429726CC200DAF02E /* 중복된 문자 제거.swift in Sources */,
				32AAFBA0297267C900DAF02E /* 컨트롤 제트.swift in Sources */,
				324247AF2976873C00382F74 /* 인덱스 바꾸기.swift in Sources */,
				328EC33F29702431007307D4 /* 각도기.swift in Sources */,
				324247BB2977BD6C00382F74 /* OX퀴즈.swift in Sources */,
				328EC33D29702431007307D4 /* 팩토리얼.swift in Sources */,
				327E05FA2980EDAB00990E3E /* 직사각형 넓이 구하기.swift in Sources */,
				328EC3152970237C007307D4 /* main.swift in Sources */,
				328EC34B29702431007307D4 /* 나이 출력.swift in Sources */,
				328EC35229702503007307D4 /* 모음 제거.swift in Sources */,
				324247C7297A549300382F74 /* 잘라서 배열로 저장하기.swift in Sources */,
				327E05FC2982371B00990E3E /* 캐릭터의 좌표.swift in Sources */,
				328EC34929702431007307D4 /* 피자 나눠먹기(1).swift in Sources */,
				328EC34D29702432007307D4 /* 직각삼각형 출력하기.swift in Sources */,
				32AAFB9E29725D0000DAF02E /* 소인수분해.swift in Sources */,
				328EC34829702431007307D4 /* 배열 뒤집기.swift in Sources */,
				324247A72976674300382F74 /* 가까운 수.swift in Sources */,
				327E05FE29823EC300990E3E /* 최댓값 만들기(2).swift in Sources */,
				328EC34029702431007307D4 /* 합성수 찾기.swift in Sources */,
				328EC34129702431007307D4 /* 삼각형의 완성조건(1).swift in Sources */,
				324247C5297A518000382F74 /* 7의 개수.swift in Sources */,
				328EC34329702431007307D4 /* 옷 가게 할인 받기.swift in Sources */,
				32AAFBA62972953A00DAF02E /* 세균 증식.swift in Sources */,
				328EC34F29702432007307D4 /* 주사위의 개수.swift in Sources */,
				324247B92977AE8300382F74 /* 숫자 찾기.swift in Sources */,
				324247AD2976764600382F74 /* 영어가 싫어요.swift in Sources */,
				32AAFBAA2972B7ED00DAF02E /* 암호 해독.swift in Sources */,
				324247B1297689CB00382F74 /* 한 번만 등장한 문자.swift in Sources */,
				328EC33E29702431007307D4 /* 중복된 숫자 개수.swift in Sources */,
				328EC33B29702431007307D4 /* 아이스 아메리카노.swift in Sources */,
				328EC33829702431007307D4 /* 머쓱이보다 키 큰 사람.swift in Sources */,
				328EC33A29702431007307D4 /* 짝수는 싫어요.swift in Sources */,
				328EC35029702432007307D4 /* 배열의 평균값.swift in Sources */,
				328EC35429702870007307D4 /* 문자열 정렬하기(1).swift in Sources */,
				327E060029838C5D00990E3E /* 다항식 더하기.swift in Sources */,
				328EC35629702DC1007307D4 /* 숨어있는 숫자의 덧셈(1).swift in Sources */,
				328EC34629702431007307D4 /* 배열 원소의 길이.swift in Sources */,
				324247A929766C7900382F74 /* 369게임.swift in Sources */,
				328EC33C29702431007307D4 /* 특정 문자 제거하기.swift in Sources */,
				328EC34229702431007307D4 /* 최댓값 만들기(1).swift in Sources */,
				324247B52977960E00382F74 /* 가장 큰 수 찾기.swift in Sources */,
				328EC34729702431007307D4 /* 피자 나눠먹기(3).swift in Sources */,
				324247C3297A48C100382F74 /* 문자열 정렬하기(2).swift in Sources */,
				32AAFBA82972964E00DAF02E /* n의 배수 고르기.swift in Sources */,
				324247AB29766E8900382F74 /* 대문자와 소문자.swift in Sources */,
				328EC34C29702431007307D4 /* 짝수 홀수 개수.swift in Sources */,
				324247B329768FE900382F74 /* 약수 구하기.swift in Sources */,
				328EC33929702431007307D4 /* 문자 반복 출력하기.swift in Sources */,
				328EC33729702431007307D4 /* 배열 자르기.swift in Sources */,
				328EC34429702431007307D4 /* 문자열 뒤집기.swift in Sources */,
				328EC34529702431007307D4 /* 양꼬치.swift in Sources */,
			);
			runOnlyForDeploymentPostprocessing = 0;
		};
/* End PBXSourcesBuildPhase section */

/* Begin XCBuildConfiguration section */
		328EC3162970237C007307D4 /* Debug */ = {
			isa = XCBuildConfiguration;
			buildSettings = {
				ALWAYS_SEARCH_USER_PATHS = NO;
				CLANG_ANALYZER_NONNULL = YES;
				CLANG_ANALYZER_NUMBER_OBJECT_CONVERSION = YES_AGGRESSIVE;
				CLANG_CXX_LANGUAGE_STANDARD = "gnu++20";
				CLANG_ENABLE_MODULES = YES;
				CLANG_ENABLE_OBJC_ARC = YES;
				CLANG_ENABLE_OBJC_WEAK = YES;
				CLANG_WARN_BLOCK_CAPTURE_AUTORELEASING = YES;
				CLANG_WARN_BOOL_CONVERSION = YES;
				CLANG_WARN_COMMA = YES;
				CLANG_WARN_CONSTANT_CONVERSION = YES;
				CLANG_WARN_DEPRECATED_OBJC_IMPLEMENTATIONS = YES;
				CLANG_WARN_DIRECT_OBJC_ISA_USAGE = YES_ERROR;
				CLANG_WARN_DOCUMENTATION_COMMENTS = YES;
				CLANG_WARN_EMPTY_BODY = YES;
				CLANG_WARN_ENUM_CONVERSION = YES;
				CLANG_WARN_INFINITE_RECURSION = YES;
				CLANG_WARN_INT_CONVERSION = YES;
				CLANG_WARN_NON_LITERAL_NULL_CONVERSION = YES;
				CLANG_WARN_OBJC_IMPLICIT_RETAIN_SELF = YES;
				CLANG_WARN_OBJC_LITERAL_CONVERSION = YES;
				CLANG_WARN_OBJC_ROOT_CLASS = YES_ERROR;
				CLANG_WARN_QUOTED_INCLUDE_IN_FRAMEWORK_HEADER = YES;
				CLANG_WARN_RANGE_LOOP_ANALYSIS = YES;
				CLANG_WARN_STRICT_PROTOTYPES = YES;
				CLANG_WARN_SUSPICIOUS_MOVE = YES;
				CLANG_WARN_UNGUARDED_AVAILABILITY = YES_AGGRESSIVE;
				CLANG_WARN_UNREACHABLE_CODE = YES;
				CLANG_WARN__DUPLICATE_METHOD_MATCH = YES;
				COPY_PHASE_STRIP = NO;
				DEBUG_INFORMATION_FORMAT = dwarf;
				ENABLE_STRICT_OBJC_MSGSEND = YES;
				ENABLE_TESTABILITY = YES;
				GCC_C_LANGUAGE_STANDARD = gnu11;
				GCC_DYNAMIC_NO_PIC = NO;
				GCC_NO_COMMON_BLOCKS = YES;
				GCC_OPTIMIZATION_LEVEL = 0;
				GCC_PREPROCESSOR_DEFINITIONS = (
					"DEBUG=1",
					"$(inherited)",
				);
				GCC_WARN_64_TO_32_BIT_CONVERSION = YES;
				GCC_WARN_ABOUT_RETURN_TYPE = YES_ERROR;
				GCC_WARN_UNDECLARED_SELECTOR = YES;
				GCC_WARN_UNINITIALIZED_AUTOS = YES_AGGRESSIVE;
				GCC_WARN_UNUSED_FUNCTION = YES;
				GCC_WARN_UNUSED_VARIABLE = YES;
				MACOSX_DEPLOYMENT_TARGET = 13.0;
				MTL_ENABLE_DEBUG_INFO = INCLUDE_SOURCE;
				MTL_FAST_MATH = YES;
				ONLY_ACTIVE_ARCH = YES;
				SDKROOT = macosx;
				SWIFT_ACTIVE_COMPILATION_CONDITIONS = DEBUG;
				SWIFT_OPTIMIZATION_LEVEL = "-Onone";
			};
			name = Debug;
		};
		328EC3172970237C007307D4 /* Release */ = {
			isa = XCBuildConfiguration;
			buildSettings = {
				ALWAYS_SEARCH_USER_PATHS = NO;
				CLANG_ANALYZER_NONNULL = YES;
				CLANG_ANALYZER_NUMBER_OBJECT_CONVERSION = YES_AGGRESSIVE;
				CLANG_CXX_LANGUAGE_STANDARD = "gnu++20";
				CLANG_ENABLE_MODULES = YES;
				CLANG_ENABLE_OBJC_ARC = YES;
				CLANG_ENABLE_OBJC_WEAK = YES;
				CLANG_WARN_BLOCK_CAPTURE_AUTORELEASING = YES;
				CLANG_WARN_BOOL_CONVERSION = YES;
				CLANG_WARN_COMMA = YES;
				CLANG_WARN_CONSTANT_CONVERSION = YES;
				CLANG_WARN_DEPRECATED_OBJC_IMPLEMENTATIONS = YES;
				CLANG_WARN_DIRECT_OBJC_ISA_USAGE = YES_ERROR;
				CLANG_WARN_DOCUMENTATION_COMMENTS = YES;
				CLANG_WARN_EMPTY_BODY = YES;
				CLANG_WARN_ENUM_CONVERSION = YES;
				CLANG_WARN_INFINITE_RECURSION = YES;
				CLANG_WARN_INT_CONVERSION = YES;
				CLANG_WARN_NON_LITERAL_NULL_CONVERSION = YES;
				CLANG_WARN_OBJC_IMPLICIT_RETAIN_SELF = YES;
				CLANG_WARN_OBJC_LITERAL_CONVERSION = YES;
				CLANG_WARN_OBJC_ROOT_CLASS = YES_ERROR;
				CLANG_WARN_QUOTED_INCLUDE_IN_FRAMEWORK_HEADER = YES;
				CLANG_WARN_RANGE_LOOP_ANALYSIS = YES;
				CLANG_WARN_STRICT_PROTOTYPES = YES;
				CLANG_WARN_SUSPICIOUS_MOVE = YES;
				CLANG_WARN_UNGUARDED_AVAILABILITY = YES_AGGRESSIVE;
				CLANG_WARN_UNREACHABLE_CODE = YES;
				CLANG_WARN__DUPLICATE_METHOD_MATCH = YES;
				COPY_PHASE_STRIP = NO;
				DEBUG_INFORMATION_FORMAT = "dwarf-with-dsym";
				ENABLE_NS_ASSERTIONS = NO;
				ENABLE_STRICT_OBJC_MSGSEND = YES;
				GCC_C_LANGUAGE_STANDARD = gnu11;
				GCC_NO_COMMON_BLOCKS = YES;
				GCC_WARN_64_TO_32_BIT_CONVERSION = YES;
				GCC_WARN_ABOUT_RETURN_TYPE = YES_ERROR;
				GCC_WARN_UNDECLARED_SELECTOR = YES;
				GCC_WARN_UNINITIALIZED_AUTOS = YES_AGGRESSIVE;
				GCC_WARN_UNUSED_FUNCTION = YES;
				GCC_WARN_UNUSED_VARIABLE = YES;
				MACOSX_DEPLOYMENT_TARGET = 13.0;
				MTL_ENABLE_DEBUG_INFO = NO;
				MTL_FAST_MATH = YES;
				SDKROOT = macosx;
				SWIFT_COMPILATION_MODE = wholemodule;
				SWIFT_OPTIMIZATION_LEVEL = "-O";
			};
			name = Release;
		};
		328EC3192970237C007307D4 /* Debug */ = {
			isa = XCBuildConfiguration;
			buildSettings = {
				CODE_SIGN_STYLE = Automatic;
				DEVELOPMENT_TEAM = FRZRS5Y9L6;
				ENABLE_HARDENED_RUNTIME = YES;
				PRODUCT_NAME = "$(TARGET_NAME)";
				SWIFT_VERSION = 5.0;
			};
			name = Debug;
		};
		328EC31A2970237C007307D4 /* Release */ = {
			isa = XCBuildConfiguration;
			buildSettings = {
				CODE_SIGN_STYLE = Automatic;
				DEVELOPMENT_TEAM = FRZRS5Y9L6;
				ENABLE_HARDENED_RUNTIME = YES;
				PRODUCT_NAME = "$(TARGET_NAME)";
				SWIFT_VERSION = 5.0;
			};
			name = Release;
		};
/* End XCBuildConfiguration section */

/* Begin XCConfigurationList section */
		328EC30C2970237C007307D4 /* Build configuration list for PBXProject "CodingTest_Swift" */ = {
			isa = XCConfigurationList;
			buildConfigurations = (
				328EC3162970237C007307D4 /* Debug */,
				328EC3172970237C007307D4 /* Release */,
			);
			defaultConfigurationIsVisible = 0;
			defaultConfigurationName = Release;
		};
		328EC3182970237C007307D4 /* Build configuration list for PBXNativeTarget "CodingTest_Swift" */ = {
			isa = XCConfigurationList;
			buildConfigurations = (
				328EC3192970237C007307D4 /* Debug */,
				328EC31A2970237C007307D4 /* Release */,
			);
			defaultConfigurationIsVisible = 0;
			defaultConfigurationName = Release;
		};
/* End XCConfigurationList section */
	};
	rootObject = 328EC3092970237C007307D4 /* Project object */;
}
