// !$*UTF8*$!
{
	archiveVersion = 1;
	classes = {
	};
	objectVersion = 56;
	objects = {

/* Begin PBXBuildFile section */
		3203F11629A9D6FB00C913B4 /* 서울에서 김서방 찾기.swift in Sources */ = {isa = PBXBuildFile; fileRef = 3203F11529A9D6FB00C913B4 /* 서울에서 김서방 찾기.swift */; };
		3203F11829A9D94100C913B4 /* 나누어 떨어지는 숫자 배열.swift in Sources */ = {isa = PBXBuildFile; fileRef = 3203F11729A9D94100C913B4 /* 나누어 떨어지는 숫자 배열.swift */; };
		3203F11A29A9DA9D00C913B4 /* 핸드폰 번호 가리기.swift in Sources */ = {isa = PBXBuildFile; fileRef = 3203F11929A9DA9D00C913B4 /* 핸드폰 번호 가리기.swift */; };
		3203F11C29A9DE2800C913B4 /* 음양 더하기.swift in Sources */ = {isa = PBXBuildFile; fileRef = 3203F11B29A9DE2800C913B4 /* 음양 더하기.swift */; };
		3203F11E29A9DF7800C913B4 /* 제일 작은 수 제거하기.swift in Sources */ = {isa = PBXBuildFile; fileRef = 3203F11D29A9DF7800C913B4 /* 제일 작은 수 제거하기.swift */; };
		3203F12029A9E10A00C913B4 /* 없는 숫자 더하기.swift in Sources */ = {isa = PBXBuildFile; fileRef = 3203F11F29A9E10A00C913B4 /* 없는 숫자 더하기.swift */; };
		3203F12229A9E31B00C913B4 /* 가운데 글자 가져오기.swift in Sources */ = {isa = PBXBuildFile; fileRef = 3203F12129A9E31B00C913B4 /* 가운데 글자 가져오기.swift */; };
		3203F12429A9E7A500C913B4 /* 수박수박수박수박수박수?.swift in Sources */ = {isa = PBXBuildFile; fileRef = 3203F12329A9E7A500C913B4 /* 수박수박수박수박수박수?.swift */; };
		3203F12629A9E89500C913B4 /* 내적.swift in Sources */ = {isa = PBXBuildFile; fileRef = 3203F12529A9E89500C913B4 /* 내적.swift */; };
		3203F12829A9EA6500C913B4 /* 문자열 내림차순으로 배치하기.swift in Sources */ = {isa = PBXBuildFile; fileRef = 3203F12729A9EA6500C913B4 /* 문자열 내림차순으로 배치하기.swift */; };
		3203F12A29A9F18200C913B4 /* 약수의 개수와 덧셈.swift in Sources */ = {isa = PBXBuildFile; fileRef = 3203F12929A9F18200C913B4 /* 약수의 개수와 덧셈.swift */; };
		3203F12C29A9F3D600C913B4 /* 문자열 다루기 기본.swift in Sources */ = {isa = PBXBuildFile; fileRef = 3203F12B29A9F3D600C913B4 /* 문자열 다루기 기본.swift */; };
		3203F12E29A9FA5100C913B4 /* 부족한 금액 계산하기.swift in Sources */ = {isa = PBXBuildFile; fileRef = 3203F12D29A9FA5100C913B4 /* 부족한 금액 계산하기.swift */; };
		3203F13029A9FBDA00C913B4 /* 행렬의 덧셈.swift in Sources */ = {isa = PBXBuildFile; fileRef = 3203F12F29A9FBDA00C913B4 /* 행렬의 덧셈.swift */; };
		3203F13229AA015800C913B4 /* 직사각형 별찍기.swift in Sources */ = {isa = PBXBuildFile; fileRef = 3203F13129AA015800C913B4 /* 직사각형 별찍기.swift */; };
		3203F13429AA021300C913B4 /* 최대공약수와 최소공배수.swift in Sources */ = {isa = PBXBuildFile; fileRef = 3203F13329AA021300C913B4 /* 최대공약수와 최소공배수.swift */; };
		3203F13629AA0A4F00C913B4 /* 3진법 뒤집기.swift in Sources */ = {isa = PBXBuildFile; fileRef = 3203F13529AA0A4F00C913B4 /* 3진법 뒤집기.swift */; };
		3203F13829AA2E6C00C913B4 /* 이상한 문자 만들기.swift in Sources */ = {isa = PBXBuildFile; fileRef = 3203F13729AA2E6C00C913B4 /* 이상한 문자 만들기.swift */; };
		3203F13A29AA340A00C913B4 /* 예산.swift in Sources */ = {isa = PBXBuildFile; fileRef = 3203F13929AA340A00C913B4 /* 예산.swift */; };
		3203F13C29AA356E00C913B4 /* 시저 암호.swift in Sources */ = {isa = PBXBuildFile; fileRef = 3203F13B29AA356E00C913B4 /* 시저 암호.swift */; };
		3203F13E29AB04F700C913B4 /* 삼총사.swift in Sources */ = {isa = PBXBuildFile; fileRef = 3203F13D29AB04F700C913B4 /* 삼총사.swift */; };
		3203F14029AB0A9200C913B4 /* 최소직사각형.swift in Sources */ = {isa = PBXBuildFile; fileRef = 3203F13F29AB0A9200C913B4 /* 최소직사각형.swift */; };
		3203F14229AB0E4800C913B4 /* [1차] 비밀지도.swift in Sources */ = {isa = PBXBuildFile; fileRef = 3203F14129AB0E4800C913B4 /* [1차] 비밀지도.swift */; };
		3203F14429AB39A600C913B4 /* 문자열 내 마음대로 정렬하기.swift in Sources */ = {isa = PBXBuildFile; fileRef = 3203F14329AB39A600C913B4 /* 문자열 내 마음대로 정렬하기.swift */; };
		3203F14629AB48DD00C913B4 /* 숫자 문자열과 영단어.swift in Sources */ = {isa = PBXBuildFile; fileRef = 3203F14529AB48DD00C913B4 /* 숫자 문자열과 영단어.swift */; };
		3203F14829AB810000C913B4 /* K번째수.swift in Sources */ = {isa = PBXBuildFile; fileRef = 3203F14729AB810000C913B4 /* K번째수.swift */; };
		3203F14A29AB896000C913B4 /* 두 개 뽑아서 더하기.swift in Sources */ = {isa = PBXBuildFile; fileRef = 3203F14929AB896000C913B4 /* 두 개 뽑아서 더하기.swift */; };
		3203F14E29AB98AD00C913B4 /* 크기가 작은 부분문자열.swift in Sources */ = {isa = PBXBuildFile; fileRef = 3203F14D29AB98AD00C913B4 /* 크기가 작은 부분문자열.swift */; };
		3203F15029AC598700C913B4 /* 콜라 문제.swift in Sources */ = {isa = PBXBuildFile; fileRef = 3203F14F29AC598700C913B4 /* 콜라 문제.swift */; };
		3203F15229AC63EE00C913B4 /* 2016년.swift in Sources */ = {isa = PBXBuildFile; fileRef = 3203F15129AC63EE00C913B4 /* 2016년.swift */; };
		3203F15429AC68CC00C913B4 /* 푸드 파이트 대회.swift in Sources */ = {isa = PBXBuildFile; fileRef = 3203F15329AC68CC00C913B4 /* 푸드 파이트 대회.swift */; };
		3203F15629AC711100C913B4 /* 가장 가까운 같은 글자.swift in Sources */ = {isa = PBXBuildFile; fileRef = 3203F15529AC711100C913B4 /* 가장 가까운 같은 글자.swift */; };
		3203F15829AC845C00C913B4 /* 소수 찾기.swift in Sources */ = {isa = PBXBuildFile; fileRef = 3203F15729AC845C00C913B4 /* 소수 찾기.swift */; };
		3203F15A29AC88E500C913B4 /* 모의고사.swift in Sources */ = {isa = PBXBuildFile; fileRef = 3203F15929AC88E500C913B4 /* 모의고사.swift */; };
		3203F15C29ACD59600C913B4 /* 소수 만들기.swift in Sources */ = {isa = PBXBuildFile; fileRef = 3203F15B29ACD59600C913B4 /* 소수 만들기.swift */; };
		3203F16029AF187F00C913B4 /* 위장.swift in Sources */ = {isa = PBXBuildFile; fileRef = 3203F15F29AF187F00C913B4 /* 위장.swift */; };
		3203F16229AF236100C913B4 /* 타깃 넘버.swift in Sources */ = {isa = PBXBuildFile; fileRef = 3203F16129AF236100C913B4 /* 타깃 넘버.swift */; };
		3203F16429B04AFC00C913B4 /* 기능개발.swift in Sources */ = {isa = PBXBuildFile; fileRef = 3203F16329B04AFC00C913B4 /* 기능개발.swift */; };
		3203F16729B0594E00C913B4 /* 최댓값과 최솟값.swift in Sources */ = {isa = PBXBuildFile; fileRef = 3203F16629B0594E00C913B4 /* 최댓값과 최솟값.swift */; };
		3206669C29D58968002DEA42 /* 뉴스 클러스터링.swift in Sources */ = {isa = PBXBuildFile; fileRef = 3206669B29D58968002DEA42 /* 뉴스 클러스터링.swift */; };
		3206669E29D69EBE002DEA42 /* k진수에서 소수 개수 구하기.swift in Sources */ = {isa = PBXBuildFile; fileRef = 3206669D29D69EBE002DEA42 /* k진수에서 소수 개수 구하기.swift */; };
		3209663629DFB8AE00C16A05 /* 피로도.swift in Sources */ = {isa = PBXBuildFile; fileRef = 3209663529DFB8AE00C16A05 /* 피로도.swift */; };
		3209663829DFC39100C16A05 /* 후보키.swift in Sources */ = {isa = PBXBuildFile; fileRef = 3209663729DFC39100C16A05 /* 후보키.swift */; };
		3209663A29DFE47400C16A05 /* 괄호.swift in Sources */ = {isa = PBXBuildFile; fileRef = 3209663929DFE47400C16A05 /* 괄호.swift */; };
		3209663D29DFEBB300C16A05 /* Daily Temperatures.swift in Sources */ = {isa = PBXBuildFile; fileRef = 3209663C29DFEBB300C16A05 /* Daily Temperatures.swift */; };
		3209663F29E3B9C400C16A05 /* 할인 행사.swift in Sources */ = {isa = PBXBuildFile; fileRef = 3209663E29E3B9C400C16A05 /* 할인 행사.swift */; };
		3220A21E29E7BE29003B1013 /* Lowest Common Ancestor of a Binary Tree.swift in Sources */ = {isa = PBXBuildFile; fileRef = 3220A21D29E7BE29003B1013 /* Lowest Common Ancestor of a Binary Tree.swift */; };
		3220A22029E7E21F003B1013 /* Maximum Depth of Binary Tree.swift in Sources */ = {isa = PBXBuildFile; fileRef = 3220A21F29E7E21F003B1013 /* Maximum Depth of Binary Tree.swift */; };
		3220A22229E7E996003B1013 /* 주차요금 계산.swift in Sources */ = {isa = PBXBuildFile; fileRef = 3220A22129E7E996003B1013 /* 주차요금 계산.swift */; };
		3223D5E229C811DC000901D7 /* Two Sum.swift in Sources */ = {isa = PBXBuildFile; fileRef = 3223D5E129C811DC000901D7 /* Two Sum.swift */; };
		3223D5E429C81B69000901D7 /* LinkedList.swift in Sources */ = {isa = PBXBuildFile; fileRef = 3223D5E329C81B69000901D7 /* LinkedList.swift */; };
		3223D5E629CD38BC000901D7 /* n^2 배열 자르기.swift in Sources */ = {isa = PBXBuildFile; fileRef = 3223D5E529CD38BC000901D7 /* n^2 배열 자르기.swift */; };
		3225C4C729D126D40010919D /* 연속 부분 수열 합의 개수.swift in Sources */ = {isa = PBXBuildFile; fileRef = 3225C4C629D126D40010919D /* 연속 부분 수열 합의 개수.swift */; };
		322B2DF629B9A6A20055FFC6 /* 이진 변환 반복하기.swift in Sources */ = {isa = PBXBuildFile; fileRef = 322B2DF529B9A6A20055FFC6 /* 이진 변환 반복하기.swift */; };
		322B2DF829B9AED70055FFC6 /* 피보나치 수.swift in Sources */ = {isa = PBXBuildFile; fileRef = 322B2DF729B9AED70055FFC6 /* 피보나치 수.swift */; };
		322B2DFA29B9B6190055FFC6 /* 다음 큰 숫자.swift in Sources */ = {isa = PBXBuildFile; fileRef = 322B2DF929B9B6190055FFC6 /* 다음 큰 숫자.swift */; };
		322B2DFC29B9C18F0055FFC6 /* 짝지어 제거하기.swift in Sources */ = {isa = PBXBuildFile; fileRef = 322B2DFB29B9C18F0055FFC6 /* 짝지어 제거하기.swift */; };
		322B2DFE29B9C9920055FFC6 /* 영어 끝말잇기.swift in Sources */ = {isa = PBXBuildFile; fileRef = 322B2DFD29B9C9920055FFC6 /* 영어 끝말잇기.swift */; };
		322BE64229EE5F4D0063564C /* 베스트앨범.swift in Sources */ = {isa = PBXBuildFile; fileRef = 322BE64129EE5F4D0063564C /* 베스트앨범.swift */; };
		322BE64629EFCE790063564C /* Climbing Stairs.swift in Sources */ = {isa = PBXBuildFile; fileRef = 322BE64529EFCE790063564C /* Climbing Stairs.swift */; };
		32323CDF29F0F75C00435F93 /* 스킬 트리.swift in Sources */ = {isa = PBXBuildFile; fileRef = 32323CDE29F0F75C00435F93 /* 스킬 트리.swift */; };
		32323CE129F27A1200435F93 /* 모음 사전.swift in Sources */ = {isa = PBXBuildFile; fileRef = 32323CE029F27A1200435F93 /* 모음 사전.swift */; };
		32323CE329F64E4300435F93 /* [3차] 압축.swift in Sources */ = {isa = PBXBuildFile; fileRef = 32323CE229F64E4300435F93 /* [3차] 압축.swift */; };
		32323CE529F666AB00435F93 /* 땅따먹기.swift in Sources */ = {isa = PBXBuildFile; fileRef = 32323CE429F666AB00435F93 /* 땅따먹기.swift */; };
		32323CE729F6706D00435F93 /* 방문 길이.swift in Sources */ = {isa = PBXBuildFile; fileRef = 32323CE629F6706D00435F93 /* 방문 길이.swift */; };
		32323CE929F78D1000435F93 /* 파일명 정렬.swift in Sources */ = {isa = PBXBuildFile; fileRef = 32323CE829F78D1000435F93 /* 파일명 정렬.swift */; };
		32323CEB29F8E64400435F93 /* 프렌즈4블록.swift in Sources */ = {isa = PBXBuildFile; fileRef = 32323CEA29F8E64400435F93 /* 프렌즈4블록.swift */; };
		32323CED29FA29E300435F93 /* 2개 이하로 다른 비트.swift in Sources */ = {isa = PBXBuildFile; fileRef = 32323CEC29FA29E300435F93 /* 2개 이하로 다른 비트.swift */; };
		323A9D0429A8DC25005DF79C /* A로B만들기.swift in Sources */ = {isa = PBXBuildFile; fileRef = 323A9D0329A8DC25005DF79C /* A로B만들기.swift */; };
		323A9D0629A8DEAD005DF79C /* K의 개수.swift in Sources */ = {isa = PBXBuildFile; fileRef = 323A9D0529A8DEAD005DF79C /* K의 개수.swift */; };
		323A9D0929A8E1B8005DF79C /* 짝수와 홀수.swift in Sources */ = {isa = PBXBuildFile; fileRef = 323A9D0829A8E1B8005DF79C /* 짝수와 홀수.swift */; };
		323A9D0B29A8E21D005DF79C /* 평균 구하기.swift in Sources */ = {isa = PBXBuildFile; fileRef = 323A9D0A29A8E21D005DF79C /* 평균 구하기.swift */; };
		323A9D0D29A8E2B3005DF79C /* 약수의 합.swift in Sources */ = {isa = PBXBuildFile; fileRef = 323A9D0C29A8E2B3005DF79C /* 약수의 합.swift */; };
		323A9D0F29A8E924005DF79C /* 자릿수 더하기.swift in Sources */ = {isa = PBXBuildFile; fileRef = 323A9D0E29A8E924005DF79C /* 자릿수 더하기.swift */; };
		323A9D1129A9AE38005DF79C /* 자연수 뒤집어 배열로 만들기.swift in Sources */ = {isa = PBXBuildFile; fileRef = 323A9D1029A9AE38005DF79C /* 자연수 뒤집어 배열로 만들기.swift */; };
		323A9D1329A9B0CA005DF79C /* 문자열 내 p와 y의 개수.swift in Sources */ = {isa = PBXBuildFile; fileRef = 323A9D1229A9B0CA005DF79C /* 문자열 내 p와 y의 개수.swift */; };
		323A9D1529A9B454005DF79C /* 정수 제곱근 판별.swift in Sources */ = {isa = PBXBuildFile; fileRef = 323A9D1429A9B454005DF79C /* 정수 제곱근 판별.swift */; };
		323A9D1729A9C002005DF79C /* x만큼 간격이 있는 n개의 숫자.swift in Sources */ = {isa = PBXBuildFile; fileRef = 323A9D1629A9C002005DF79C /* x만큼 간격이 있는 n개의 숫자.swift */; };
		323A9D1929A9C2B8005DF79C /* 문자열을 정수로 바꾸기.swift in Sources */ = {isa = PBXBuildFile; fileRef = 323A9D1829A9C2B8005DF79C /* 문자열을 정수로 바꾸기.swift */; };
		323A9D1B29A9C5A8005DF79C /* 정수 내림차순으로 배치하기.swift in Sources */ = {isa = PBXBuildFile; fileRef = 323A9D1A29A9C5A8005DF79C /* 정수 내림차순으로 배치하기.swift */; };
		323A9D1D29A9C726005DF79C /* 나머지가 1이 되는 수 찾기.swift in Sources */ = {isa = PBXBuildFile; fileRef = 323A9D1C29A9C726005DF79C /* 나머지가 1이 되는 수 찾기.swift */; };
		323A9D1F29A9C8FF005DF79C /* 하샤드 수.swift in Sources */ = {isa = PBXBuildFile; fileRef = 323A9D1E29A9C8FF005DF79C /* 하샤드 수.swift */; };
		323A9D2129A9CCEA005DF79C /* 두 정수 사이의 합.swift in Sources */ = {isa = PBXBuildFile; fileRef = 323A9D2029A9CCEA005DF79C /* 두 정수 사이의 합.swift */; };
		323A9D2329A9CF35005DF79C /* 콜라츠 추측.swift in Sources */ = {isa = PBXBuildFile; fileRef = 323A9D2229A9CF35005DF79C /* 콜라츠 추측.swift */; };
		324247A72976674300382F74 /* 가까운 수.swift in Sources */ = {isa = PBXBuildFile; fileRef = 324247A62976674300382F74 /* 가까운 수.swift */; };
		324247A929766C7900382F74 /* 369게임.swift in Sources */ = {isa = PBXBuildFile; fileRef = 324247A829766C7900382F74 /* 369게임.swift */; };
		324247AB29766E8900382F74 /* 대문자와 소문자.swift in Sources */ = {isa = PBXBuildFile; fileRef = 324247AA29766E8900382F74 /* 대문자와 소문자.swift */; };
		324247AD2976764600382F74 /* 영어가 싫어요.swift in Sources */ = {isa = PBXBuildFile; fileRef = 324247AC2976764600382F74 /* 영어가 싫어요.swift */; };
		324247AF2976873C00382F74 /* 인덱스 바꾸기.swift in Sources */ = {isa = PBXBuildFile; fileRef = 324247AE2976873C00382F74 /* 인덱스 바꾸기.swift */; };
		324247B1297689CB00382F74 /* 한 번만 등장한 문자.swift in Sources */ = {isa = PBXBuildFile; fileRef = 324247B0297689CB00382F74 /* 한 번만 등장한 문자.swift */; };
		324247B329768FE900382F74 /* 약수 구하기.swift in Sources */ = {isa = PBXBuildFile; fileRef = 324247B229768FE900382F74 /* 약수 구하기.swift */; };
		324247B52977960E00382F74 /* 가장 큰 수 찾기.swift in Sources */ = {isa = PBXBuildFile; fileRef = 324247B42977960E00382F74 /* 가장 큰 수 찾기.swift */; };
		324247B72977A80400382F74 /* 문자열 계산하기.swift in Sources */ = {isa = PBXBuildFile; fileRef = 324247B62977A80400382F74 /* 문자열 계산하기.swift */; };
		324247B92977AE8300382F74 /* 숫자 찾기.swift in Sources */ = {isa = PBXBuildFile; fileRef = 324247B82977AE8300382F74 /* 숫자 찾기.swift */; };
		324247BB2977BD6C00382F74 /* OX퀴즈.swift in Sources */ = {isa = PBXBuildFile; fileRef = 324247BA2977BD6C00382F74 /* OX퀴즈.swift */; };
		324247C3297A48C100382F74 /* 문자열 정렬하기(2).swift in Sources */ = {isa = PBXBuildFile; fileRef = 324247C2297A48C100382F74 /* 문자열 정렬하기(2).swift */; };
		324247C5297A518000382F74 /* 7의 개수.swift in Sources */ = {isa = PBXBuildFile; fileRef = 324247C4297A518000382F74 /* 7의 개수.swift */; };
		324247C7297A549300382F74 /* 잘라서 배열로 저장하기.swift in Sources */ = {isa = PBXBuildFile; fileRef = 324247C6297A549300382F74 /* 잘라서 배열로 저장하기.swift */; };
		32557CEB29B3053900402202 /* JadenCase 문자열 만들기.swift in Sources */ = {isa = PBXBuildFile; fileRef = 32557CEA29B3053900402202 /* JadenCase 문자열 만들기.swift */; };
		32557CED29B6FB4A00402202 /* 올바른 괄호.swift in Sources */ = {isa = PBXBuildFile; fileRef = 32557CEC29B6FB4A00402202 /* 올바른 괄호.swift */; };
		32557CEF29B70F9C00402202 /* 최솟값 만들기.swift in Sources */ = {isa = PBXBuildFile; fileRef = 32557CEE29B70F9C00402202 /* 최솟값 만들기.swift */; };
		327E05FA2980EDAB00990E3E /* 직사각형 넓이 구하기.swift in Sources */ = {isa = PBXBuildFile; fileRef = 327E05F92980EDAB00990E3E /* 직사각형 넓이 구하기.swift */; };
		327E05FC2982371B00990E3E /* 캐릭터의 좌표.swift in Sources */ = {isa = PBXBuildFile; fileRef = 327E05FB2982371B00990E3E /* 캐릭터의 좌표.swift */; };
		327E05FE29823EC300990E3E /* 최댓값 만들기(2).swift in Sources */ = {isa = PBXBuildFile; fileRef = 327E05FD29823EC300990E3E /* 최댓값 만들기(2).swift */; };
		327E060029838C5D00990E3E /* 다항식 더하기.swift in Sources */ = {isa = PBXBuildFile; fileRef = 327E05FF29838C5D00990E3E /* 다항식 더하기.swift */; };
		327E06022983955800990E3E /* 숨어있는 숫자의 덧셈(2).swift in Sources */ = {isa = PBXBuildFile; fileRef = 327E06012983955800990E3E /* 숨어있는 숫자의 덧셈(2).swift */; };
		3281BB9F29C2D39F00FA2D50 /* 귤 고르기.swift in Sources */ = {isa = PBXBuildFile; fileRef = 3281BB9E29C2D39F00FA2D50 /* 귤 고르기.swift */; };
		3281BBA129C2DA1300FA2D50 /* 행렬의 곱셈.swift in Sources */ = {isa = PBXBuildFile; fileRef = 3281BBA029C2DA1300FA2D50 /* 행렬의 곱셈.swift */; };
		3281BBA329C2E24C00FA2D50 /* 튜플.swift in Sources */ = {isa = PBXBuildFile; fileRef = 3281BBA229C2E24C00FA2D50 /* 튜플.swift */; };
		3281BBA529C300AB00FA2D50 /* 프린터.swift in Sources */ = {isa = PBXBuildFile; fileRef = 3281BBA429C300AB00FA2D50 /* 프린터.swift */; };
		3281BBA829C3FCB200FA2D50 /* 다리를 지나는 트럭.swift in Sources */ = {isa = PBXBuildFile; fileRef = 3281BBA729C3FCB200FA2D50 /* 다리를 지나는 트럭.swift */; };
		3281BBAB29C422C100FA2D50 /* 소수 찾기2.swift in Sources */ = {isa = PBXBuildFile; fileRef = 3281BBAA29C422C100FA2D50 /* 소수 찾기2.swift */; };
		328EC3152970237C007307D4 /* main.swift in Sources */ = {isa = PBXBuildFile; fileRef = 328EC3142970237C007307D4 /* main.swift */; };
		328EC33729702431007307D4 /* 배열 자르기.swift in Sources */ = {isa = PBXBuildFile; fileRef = 328EC31D29702431007307D4 /* 배열 자르기.swift */; };
		328EC33829702431007307D4 /* 머쓱이보다 키 큰 사람.swift in Sources */ = {isa = PBXBuildFile; fileRef = 328EC31E29702431007307D4 /* 머쓱이보다 키 큰 사람.swift */; };
		328EC33929702431007307D4 /* 문자 반복 출력하기.swift in Sources */ = {isa = PBXBuildFile; fileRef = 328EC31F29702431007307D4 /* 문자 반복 출력하기.swift */; };
		328EC33A29702431007307D4 /* 짝수는 싫어요.swift in Sources */ = {isa = PBXBuildFile; fileRef = 328EC32029702431007307D4 /* 짝수는 싫어요.swift */; };
		328EC33B29702431007307D4 /* 아이스 아메리카노.swift in Sources */ = {isa = PBXBuildFile; fileRef = 328EC32129702431007307D4 /* 아이스 아메리카노.swift */; };
		328EC33C29702431007307D4 /* 특정 문자 제거하기.swift in Sources */ = {isa = PBXBuildFile; fileRef = 328EC32229702431007307D4 /* 특정 문자 제거하기.swift */; };
		328EC33D29702431007307D4 /* 팩토리얼.swift in Sources */ = {isa = PBXBuildFile; fileRef = 328EC32329702431007307D4 /* 팩토리얼.swift */; };
		328EC33E29702431007307D4 /* 중복된 숫자 개수.swift in Sources */ = {isa = PBXBuildFile; fileRef = 328EC32429702431007307D4 /* 중복된 숫자 개수.swift */; };
		328EC33F29702431007307D4 /* 각도기.swift in Sources */ = {isa = PBXBuildFile; fileRef = 328EC32529702431007307D4 /* 각도기.swift */; };
		328EC34029702431007307D4 /* 합성수 찾기.swift in Sources */ = {isa = PBXBuildFile; fileRef = 328EC32629702431007307D4 /* 합성수 찾기.swift */; };
		328EC34129702431007307D4 /* 삼각형의 완성조건(1).swift in Sources */ = {isa = PBXBuildFile; fileRef = 328EC32729702431007307D4 /* 삼각형의 완성조건(1).swift */; };
		328EC34229702431007307D4 /* 최댓값 만들기(1).swift in Sources */ = {isa = PBXBuildFile; fileRef = 328EC32829702431007307D4 /* 최댓값 만들기(1).swift */; };
		328EC34329702431007307D4 /* 옷 가게 할인 받기.swift in Sources */ = {isa = PBXBuildFile; fileRef = 328EC32929702431007307D4 /* 옷 가게 할인 받기.swift */; };
		328EC34429702431007307D4 /* 문자열 뒤집기.swift in Sources */ = {isa = PBXBuildFile; fileRef = 328EC32A29702431007307D4 /* 문자열 뒤집기.swift */; };
		328EC34529702431007307D4 /* 양꼬치.swift in Sources */ = {isa = PBXBuildFile; fileRef = 328EC32B29702431007307D4 /* 양꼬치.swift */; };
		328EC34629702431007307D4 /* 배열 원소의 길이.swift in Sources */ = {isa = PBXBuildFile; fileRef = 328EC32C29702431007307D4 /* 배열 원소의 길이.swift */; };
		328EC34729702431007307D4 /* 피자 나눠먹기(3).swift in Sources */ = {isa = PBXBuildFile; fileRef = 328EC32D29702431007307D4 /* 피자 나눠먹기(3).swift */; };
		328EC34829702431007307D4 /* 배열 뒤집기.swift in Sources */ = {isa = PBXBuildFile; fileRef = 328EC32E29702431007307D4 /* 배열 뒤집기.swift */; };
		328EC34929702431007307D4 /* 피자 나눠먹기(1).swift in Sources */ = {isa = PBXBuildFile; fileRef = 328EC32F29702431007307D4 /* 피자 나눠먹기(1).swift */; };
		328EC34A29702431007307D4 /* 짝수의 합.swift in Sources */ = {isa = PBXBuildFile; fileRef = 328EC33029702431007307D4 /* 짝수의 합.swift */; };
		328EC34B29702431007307D4 /* 나이 출력.swift in Sources */ = {isa = PBXBuildFile; fileRef = 328EC33129702431007307D4 /* 나이 출력.swift */; };
		328EC34C29702431007307D4 /* 짝수 홀수 개수.swift in Sources */ = {isa = PBXBuildFile; fileRef = 328EC33229702431007307D4 /* 짝수 홀수 개수.swift */; };
		328EC34D29702432007307D4 /* 직각삼각형 출력하기.swift in Sources */ = {isa = PBXBuildFile; fileRef = 328EC33329702431007307D4 /* 직각삼각형 출력하기.swift */; };
		328EC34E29702432007307D4 /* 점의 위치 구하기.swift in Sources */ = {isa = PBXBuildFile; fileRef = 328EC33429702431007307D4 /* 점의 위치 구하기.swift */; };
		328EC34F29702432007307D4 /* 주사위의 개수.swift in Sources */ = {isa = PBXBuildFile; fileRef = 328EC33529702431007307D4 /* 주사위의 개수.swift */; };
		328EC35029702432007307D4 /* 배열의 평균값.swift in Sources */ = {isa = PBXBuildFile; fileRef = 328EC33629702431007307D4 /* 배열의 평균값.swift */; };
		328EC35229702503007307D4 /* 모음 제거.swift in Sources */ = {isa = PBXBuildFile; fileRef = 328EC35129702503007307D4 /* 모음 제거.swift */; };
		328EC35429702870007307D4 /* 문자열 정렬하기(1).swift in Sources */ = {isa = PBXBuildFile; fileRef = 328EC35329702870007307D4 /* 문자열 정렬하기(1).swift */; };
		328EC35629702DC1007307D4 /* 숨어있는 숫자의 덧셈(1).swift in Sources */ = {isa = PBXBuildFile; fileRef = 328EC35529702DC1007307D4 /* 숨어있는 숫자의 덧셈(1).swift */; };
		329B850529E66B1400DC1DA8 /* Longest Consecutive Sequence.swift in Sources */ = {isa = PBXBuildFile; fileRef = 329B850429E66B1400DC1DA8 /* Longest Consecutive Sequence.swift */; };
		329B850729E6855300DC1DA8 /* BFS.swift in Sources */ = {isa = PBXBuildFile; fileRef = 329B850629E6855300DC1DA8 /* BFS.swift */; };
		329B850929E689DD00DC1DA8 /* n진수 게임.swift in Sources */ = {isa = PBXBuildFile; fileRef = 329B850829E689DD00DC1DA8 /* n진수 게임.swift */; };
		329E49CB29E928F500078C4F /* Number of Islands.swift in Sources */ = {isa = PBXBuildFile; fileRef = 329E49CA29E928F500078C4F /* Number of Islands.swift */; };
		329E49CD29EA1D6E00078C4F /* Shortest Path in Binary Matrix.swift in Sources */ = {isa = PBXBuildFile; fileRef = 329E49CC29EA1D6E00078C4F /* Shortest Path in Binary Matrix.swift */; };
		329E49CF29ECF79800078C4F /* 오픈채팅방.swift in Sources */ = {isa = PBXBuildFile; fileRef = 329E49CE29ECF79800078C4F /* 오픈채팅방.swift */; };
		329E49D129ED16F600078C4F /* Keys and Rooms.swift in Sources */ = {isa = PBXBuildFile; fileRef = 329E49D029ED16F600078C4F /* Keys and Rooms.swift */; };
		32AAFB9E29725D0000DAF02E /* 소인수분해.swift in Sources */ = {isa = PBXBuildFile; fileRef = 32AAFB9D29725D0000DAF02E /* 소인수분해.swift */; };
		32AAFBA0297267C900DAF02E /* 컨트롤 제트.swift in Sources */ = {isa = PBXBuildFile; fileRef = 32AAFB9F297267C900DAF02E /* 컨트롤 제트.swift */; };
		32AAFBA429726CC200DAF02E /* 중복된 문자 제거.swift in Sources */ = {isa = PBXBuildFile; fileRef = 32AAFBA329726CC200DAF02E /* 중복된 문자 제거.swift */; };
		32AAFBA62972953A00DAF02E /* 세균 증식.swift in Sources */ = {isa = PBXBuildFile; fileRef = 32AAFBA52972953A00DAF02E /* 세균 증식.swift */; };
		32AAFBA82972964E00DAF02E /* n의 배수 고르기.swift in Sources */ = {isa = PBXBuildFile; fileRef = 32AAFBA72972964E00DAF02E /* n의 배수 고르기.swift */; };
		32AAFBAA2972B7ED00DAF02E /* 암호 해독.swift in Sources */ = {isa = PBXBuildFile; fileRef = 32AAFBA92972B7ED00DAF02E /* 암호 해독.swift */; };
		32F23E9129BC35C0006EC74E /* 카펫.swift in Sources */ = {isa = PBXBuildFile; fileRef = 32F23E9029BC35C0006EC74E /* 카펫.swift */; };
		32F23E9329BC4639006EC74E /* 예상 대진표.swift in Sources */ = {isa = PBXBuildFile; fileRef = 32F23E9229BC4639006EC74E /* 예상 대진표.swift */; };
		32F23E9529BC4B5A006EC74E /* N개의 최소공배수.swift in Sources */ = {isa = PBXBuildFile; fileRef = 32F23E9429BC4B5A006EC74E /* N개의 최소공배수.swift */; };
		32F23E9729BC6519006EC74E /* 점프와 순간 이동.swift in Sources */ = {isa = PBXBuildFile; fileRef = 32F23E9629BC6519006EC74E /* 점프와 순간 이동.swift */; };
		32F23E9B29BC6EAB006EC74E /* 멀리 뛰기.swift in Sources */ = {isa = PBXBuildFile; fileRef = 32F23E9A29BC6EAB006EC74E /* 멀리 뛰기.swift */; };
		32F23E9D29BD6579006EC74E /* H-Index.swift in Sources */ = {isa = PBXBuildFile; fileRef = 32F23E9C29BD6579006EC74E /* H-Index.swift */; };
		32F23E9F29BD6B61006EC74E /* 캐시.swift in Sources */ = {isa = PBXBuildFile; fileRef = 32F23E9E29BD6B61006EC74E /* 캐시.swift */; };
		32F23EA129BD7D87006EC74E /* 괄호 회전하기.swift in Sources */ = {isa = PBXBuildFile; fileRef = 32F23EA029BD7D87006EC74E /* 괄호 회전하기.swift */; };
/* End PBXBuildFile section */

/* Begin PBXCopyFilesBuildPhase section */
		328EC30F2970237C007307D4 /* CopyFiles */ = {
			isa = PBXCopyFilesBuildPhase;
			buildActionMask = 2147483647;
			dstPath = /usr/share/man/man1/;
			dstSubfolderSpec = 0;
			files = (
			);
			runOnlyForDeploymentPostprocessing = 1;
		};
/* End PBXCopyFilesBuildPhase section */

/* Begin PBXFileReference section */
		3203F11529A9D6FB00C913B4 /* 서울에서 김서방 찾기.swift */ = {isa = PBXFileReference; lastKnownFileType = sourcecode.swift; path = "서울에서 김서방 찾기.swift"; sourceTree = "<group>"; };
		3203F11729A9D94100C913B4 /* 나누어 떨어지는 숫자 배열.swift */ = {isa = PBXFileReference; lastKnownFileType = sourcecode.swift; path = "나누어 떨어지는 숫자 배열.swift"; sourceTree = "<group>"; };
		3203F11929A9DA9D00C913B4 /* 핸드폰 번호 가리기.swift */ = {isa = PBXFileReference; lastKnownFileType = sourcecode.swift; path = "핸드폰 번호 가리기.swift"; sourceTree = "<group>"; };
		3203F11B29A9DE2800C913B4 /* 음양 더하기.swift */ = {isa = PBXFileReference; lastKnownFileType = sourcecode.swift; path = "음양 더하기.swift"; sourceTree = "<group>"; };
		3203F11D29A9DF7800C913B4 /* 제일 작은 수 제거하기.swift */ = {isa = PBXFileReference; lastKnownFileType = sourcecode.swift; path = "제일 작은 수 제거하기.swift"; sourceTree = "<group>"; };
		3203F11F29A9E10A00C913B4 /* 없는 숫자 더하기.swift */ = {isa = PBXFileReference; lastKnownFileType = sourcecode.swift; path = "없는 숫자 더하기.swift"; sourceTree = "<group>"; };
		3203F12129A9E31B00C913B4 /* 가운데 글자 가져오기.swift */ = {isa = PBXFileReference; lastKnownFileType = sourcecode.swift; path = "가운데 글자 가져오기.swift"; sourceTree = "<group>"; };
		3203F12329A9E7A500C913B4 /* 수박수박수박수박수박수?.swift */ = {isa = PBXFileReference; lastKnownFileType = sourcecode.swift; path = "수박수박수박수박수박수?.swift"; sourceTree = "<group>"; };
		3203F12529A9E89500C913B4 /* 내적.swift */ = {isa = PBXFileReference; lastKnownFileType = sourcecode.swift; path = "내적.swift"; sourceTree = "<group>"; };
		3203F12729A9EA6500C913B4 /* 문자열 내림차순으로 배치하기.swift */ = {isa = PBXFileReference; lastKnownFileType = sourcecode.swift; path = "문자열 내림차순으로 배치하기.swift"; sourceTree = "<group>"; };
		3203F12929A9F18200C913B4 /* 약수의 개수와 덧셈.swift */ = {isa = PBXFileReference; lastKnownFileType = sourcecode.swift; path = "약수의 개수와 덧셈.swift"; sourceTree = "<group>"; };
		3203F12B29A9F3D600C913B4 /* 문자열 다루기 기본.swift */ = {isa = PBXFileReference; lastKnownFileType = sourcecode.swift; path = "문자열 다루기 기본.swift"; sourceTree = "<group>"; };
		3203F12D29A9FA5100C913B4 /* 부족한 금액 계산하기.swift */ = {isa = PBXFileReference; lastKnownFileType = sourcecode.swift; path = "부족한 금액 계산하기.swift"; sourceTree = "<group>"; };
		3203F12F29A9FBDA00C913B4 /* 행렬의 덧셈.swift */ = {isa = PBXFileReference; lastKnownFileType = sourcecode.swift; path = "행렬의 덧셈.swift"; sourceTree = "<group>"; };
		3203F13129AA015800C913B4 /* 직사각형 별찍기.swift */ = {isa = PBXFileReference; lastKnownFileType = sourcecode.swift; path = "직사각형 별찍기.swift"; sourceTree = "<group>"; };
		3203F13329AA021300C913B4 /* 최대공약수와 최소공배수.swift */ = {isa = PBXFileReference; lastKnownFileType = sourcecode.swift; path = "최대공약수와 최소공배수.swift"; sourceTree = "<group>"; };
		3203F13529AA0A4F00C913B4 /* 3진법 뒤집기.swift */ = {isa = PBXFileReference; lastKnownFileType = sourcecode.swift; path = "3진법 뒤집기.swift"; sourceTree = "<group>"; };
		3203F13729AA2E6C00C913B4 /* 이상한 문자 만들기.swift */ = {isa = PBXFileReference; lastKnownFileType = sourcecode.swift; path = "이상한 문자 만들기.swift"; sourceTree = "<group>"; };
		3203F13929AA340A00C913B4 /* 예산.swift */ = {isa = PBXFileReference; lastKnownFileType = sourcecode.swift; path = "예산.swift"; sourceTree = "<group>"; };
		3203F13B29AA356E00C913B4 /* 시저 암호.swift */ = {isa = PBXFileReference; lastKnownFileType = sourcecode.swift; path = "시저 암호.swift"; sourceTree = "<group>"; };
		3203F13D29AB04F700C913B4 /* 삼총사.swift */ = {isa = PBXFileReference; lastKnownFileType = sourcecode.swift; path = "삼총사.swift"; sourceTree = "<group>"; };
		3203F13F29AB0A9200C913B4 /* 최소직사각형.swift */ = {isa = PBXFileReference; lastKnownFileType = sourcecode.swift; path = "최소직사각형.swift"; sourceTree = "<group>"; };
		3203F14129AB0E4800C913B4 /* [1차] 비밀지도.swift */ = {isa = PBXFileReference; lastKnownFileType = sourcecode.swift; path = "[1차] 비밀지도.swift"; sourceTree = "<group>"; };
		3203F14329AB39A600C913B4 /* 문자열 내 마음대로 정렬하기.swift */ = {isa = PBXFileReference; lastKnownFileType = sourcecode.swift; path = "문자열 내 마음대로 정렬하기.swift"; sourceTree = "<group>"; };
		3203F14529AB48DD00C913B4 /* 숫자 문자열과 영단어.swift */ = {isa = PBXFileReference; lastKnownFileType = sourcecode.swift; path = "숫자 문자열과 영단어.swift"; sourceTree = "<group>"; };
		3203F14729AB810000C913B4 /* K번째수.swift */ = {isa = PBXFileReference; lastKnownFileType = sourcecode.swift; path = "K번째수.swift"; sourceTree = "<group>"; };
		3203F14929AB896000C913B4 /* 두 개 뽑아서 더하기.swift */ = {isa = PBXFileReference; lastKnownFileType = sourcecode.swift; path = "두 개 뽑아서 더하기.swift"; sourceTree = "<group>"; };
		3203F14D29AB98AD00C913B4 /* 크기가 작은 부분문자열.swift */ = {isa = PBXFileReference; lastKnownFileType = sourcecode.swift; path = "크기가 작은 부분문자열.swift"; sourceTree = "<group>"; };
		3203F14F29AC598700C913B4 /* 콜라 문제.swift */ = {isa = PBXFileReference; lastKnownFileType = sourcecode.swift; path = "콜라 문제.swift"; sourceTree = "<group>"; };
		3203F15129AC63EE00C913B4 /* 2016년.swift */ = {isa = PBXFileReference; lastKnownFileType = sourcecode.swift; path = "2016년.swift"; sourceTree = "<group>"; };
		3203F15329AC68CC00C913B4 /* 푸드 파이트 대회.swift */ = {isa = PBXFileReference; lastKnownFileType = sourcecode.swift; path = "푸드 파이트 대회.swift"; sourceTree = "<group>"; };
		3203F15529AC711100C913B4 /* 가장 가까운 같은 글자.swift */ = {isa = PBXFileReference; lastKnownFileType = sourcecode.swift; path = "가장 가까운 같은 글자.swift"; sourceTree = "<group>"; };
		3203F15729AC845C00C913B4 /* 소수 찾기.swift */ = {isa = PBXFileReference; lastKnownFileType = sourcecode.swift; path = "소수 찾기.swift"; sourceTree = "<group>"; };
		3203F15929AC88E500C913B4 /* 모의고사.swift */ = {isa = PBXFileReference; lastKnownFileType = sourcecode.swift; path = "모의고사.swift"; sourceTree = "<group>"; };
		3203F15B29ACD59600C913B4 /* 소수 만들기.swift */ = {isa = PBXFileReference; lastKnownFileType = sourcecode.swift; path = "소수 만들기.swift"; sourceTree = "<group>"; };
		3203F15F29AF187F00C913B4 /* 위장.swift */ = {isa = PBXFileReference; lastKnownFileType = sourcecode.swift; path = "위장.swift"; sourceTree = "<group>"; };
		3203F16129AF236100C913B4 /* 타깃 넘버.swift */ = {isa = PBXFileReference; lastKnownFileType = sourcecode.swift; path = "타깃 넘버.swift"; sourceTree = "<group>"; };
		3203F16329B04AFC00C913B4 /* 기능개발.swift */ = {isa = PBXFileReference; lastKnownFileType = sourcecode.swift; path = "기능개발.swift"; sourceTree = "<group>"; };
		3203F16629B0594E00C913B4 /* 최댓값과 최솟값.swift */ = {isa = PBXFileReference; lastKnownFileType = sourcecode.swift; path = "최댓값과 최솟값.swift"; sourceTree = "<group>"; };
		3206669B29D58968002DEA42 /* 뉴스 클러스터링.swift */ = {isa = PBXFileReference; lastKnownFileType = sourcecode.swift; path = "뉴스 클러스터링.swift"; sourceTree = "<group>"; };
		3206669D29D69EBE002DEA42 /* k진수에서 소수 개수 구하기.swift */ = {isa = PBXFileReference; lastKnownFileType = sourcecode.swift; path = "k진수에서 소수 개수 구하기.swift"; sourceTree = "<group>"; };
		3209663529DFB8AE00C16A05 /* 피로도.swift */ = {isa = PBXFileReference; lastKnownFileType = sourcecode.swift; path = "피로도.swift"; sourceTree = "<group>"; };
		3209663729DFC39100C16A05 /* 후보키.swift */ = {isa = PBXFileReference; lastKnownFileType = sourcecode.swift; path = "후보키.swift"; sourceTree = "<group>"; };
		3209663929DFE47400C16A05 /* 괄호.swift */ = {isa = PBXFileReference; lastKnownFileType = sourcecode.swift; path = "괄호.swift"; sourceTree = "<group>"; };
		3209663C29DFEBB300C16A05 /* Daily Temperatures.swift */ = {isa = PBXFileReference; lastKnownFileType = sourcecode.swift; path = "Daily Temperatures.swift"; sourceTree = "<group>"; };
		3209663E29E3B9C400C16A05 /* 할인 행사.swift */ = {isa = PBXFileReference; lastKnownFileType = sourcecode.swift; path = "할인 행사.swift"; sourceTree = "<group>"; };
		3220A21D29E7BE29003B1013 /* Lowest Common Ancestor of a Binary Tree.swift */ = {isa = PBXFileReference; lastKnownFileType = sourcecode.swift; path = "Lowest Common Ancestor of a Binary Tree.swift"; sourceTree = "<group>"; };
		3220A21F29E7E21F003B1013 /* Maximum Depth of Binary Tree.swift */ = {isa = PBXFileReference; lastKnownFileType = sourcecode.swift; path = "Maximum Depth of Binary Tree.swift"; sourceTree = "<group>"; };
		3220A22129E7E996003B1013 /* 주차요금 계산.swift */ = {isa = PBXFileReference; lastKnownFileType = sourcecode.swift; path = "주차요금 계산.swift"; sourceTree = "<group>"; };
		3223D5E129C811DC000901D7 /* Two Sum.swift */ = {isa = PBXFileReference; lastKnownFileType = sourcecode.swift; path = "Two Sum.swift"; sourceTree = "<group>"; };
		3223D5E329C81B69000901D7 /* LinkedList.swift */ = {isa = PBXFileReference; lastKnownFileType = sourcecode.swift; path = LinkedList.swift; sourceTree = "<group>"; };
		3223D5E529CD38BC000901D7 /* n^2 배열 자르기.swift */ = {isa = PBXFileReference; lastKnownFileType = sourcecode.swift; path = "n^2 배열 자르기.swift"; sourceTree = "<group>"; };
		3225C4C629D126D40010919D /* 연속 부분 수열 합의 개수.swift */ = {isa = PBXFileReference; lastKnownFileType = sourcecode.swift; path = "연속 부분 수열 합의 개수.swift"; sourceTree = "<group>"; };
		322B2DF529B9A6A20055FFC6 /* 이진 변환 반복하기.swift */ = {isa = PBXFileReference; lastKnownFileType = sourcecode.swift; path = "이진 변환 반복하기.swift"; sourceTree = "<group>"; };
		322B2DF729B9AED70055FFC6 /* 피보나치 수.swift */ = {isa = PBXFileReference; lastKnownFileType = sourcecode.swift; path = "피보나치 수.swift"; sourceTree = "<group>"; };
		322B2DF929B9B6190055FFC6 /* 다음 큰 숫자.swift */ = {isa = PBXFileReference; lastKnownFileType = sourcecode.swift; path = "다음 큰 숫자.swift"; sourceTree = "<group>"; };
		322B2DFB29B9C18F0055FFC6 /* 짝지어 제거하기.swift */ = {isa = PBXFileReference; lastKnownFileType = sourcecode.swift; path = "짝지어 제거하기.swift"; sourceTree = "<group>"; };
		322B2DFD29B9C9920055FFC6 /* 영어 끝말잇기.swift */ = {isa = PBXFileReference; lastKnownFileType = sourcecode.swift; path = "영어 끝말잇기.swift"; sourceTree = "<group>"; };
		322BE64129EE5F4D0063564C /* 베스트앨범.swift */ = {isa = PBXFileReference; lastKnownFileType = sourcecode.swift; path = "베스트앨범.swift"; sourceTree = "<group>"; };
		322BE64529EFCE790063564C /* Climbing Stairs.swift */ = {isa = PBXFileReference; lastKnownFileType = sourcecode.swift; path = "Climbing Stairs.swift"; sourceTree = "<group>"; };
		32323CDE29F0F75C00435F93 /* 스킬 트리.swift */ = {isa = PBXFileReference; lastKnownFileType = sourcecode.swift; path = "스킬 트리.swift"; sourceTree = "<group>"; };
		32323CE029F27A1200435F93 /* 모음 사전.swift */ = {isa = PBXFileReference; lastKnownFileType = sourcecode.swift; path = "모음 사전.swift"; sourceTree = "<group>"; };
		32323CE229F64E4300435F93 /* [3차] 압축.swift */ = {isa = PBXFileReference; lastKnownFileType = sourcecode.swift; path = "[3차] 압축.swift"; sourceTree = "<group>"; };
		32323CE429F666AB00435F93 /* 땅따먹기.swift */ = {isa = PBXFileReference; lastKnownFileType = sourcecode.swift; path = "땅따먹기.swift"; sourceTree = "<group>"; };
		32323CE629F6706D00435F93 /* 방문 길이.swift */ = {isa = PBXFileReference; lastKnownFileType = sourcecode.swift; path = "방문 길이.swift"; sourceTree = "<group>"; };
		32323CE829F78D1000435F93 /* 파일명 정렬.swift */ = {isa = PBXFileReference; lastKnownFileType = sourcecode.swift; path = "파일명 정렬.swift"; sourceTree = "<group>"; };
		32323CEA29F8E64400435F93 /* 프렌즈4블록.swift */ = {isa = PBXFileReference; lastKnownFileType = sourcecode.swift; path = "프렌즈4블록.swift"; sourceTree = "<group>"; };
		32323CEC29FA29E300435F93 /* 2개 이하로 다른 비트.swift */ = {isa = PBXFileReference; lastKnownFileType = sourcecode.swift; path = "2개 이하로 다른 비트.swift"; sourceTree = "<group>"; };
		323A9D0329A8DC25005DF79C /* A로B만들기.swift */ = {isa = PBXFileReference; lastKnownFileType = sourcecode.swift; path = "A로B만들기.swift"; sourceTree = "<group>"; };
		323A9D0529A8DEAD005DF79C /* K의 개수.swift */ = {isa = PBXFileReference; lastKnownFileType = sourcecode.swift; path = "K의 개수.swift"; sourceTree = "<group>"; };
		323A9D0829A8E1B8005DF79C /* 짝수와 홀수.swift */ = {isa = PBXFileReference; lastKnownFileType = sourcecode.swift; path = "짝수와 홀수.swift"; sourceTree = "<group>"; };
		323A9D0A29A8E21D005DF79C /* 평균 구하기.swift */ = {isa = PBXFileReference; lastKnownFileType = sourcecode.swift; path = "평균 구하기.swift"; sourceTree = "<group>"; };
		323A9D0C29A8E2B3005DF79C /* 약수의 합.swift */ = {isa = PBXFileReference; lastKnownFileType = sourcecode.swift; path = "약수의 합.swift"; sourceTree = "<group>"; };
		323A9D0E29A8E924005DF79C /* 자릿수 더하기.swift */ = {isa = PBXFileReference; lastKnownFileType = sourcecode.swift; path = "자릿수 더하기.swift"; sourceTree = "<group>"; };
		323A9D1029A9AE38005DF79C /* 자연수 뒤집어 배열로 만들기.swift */ = {isa = PBXFileReference; lastKnownFileType = sourcecode.swift; path = "자연수 뒤집어 배열로 만들기.swift"; sourceTree = "<group>"; };
		323A9D1229A9B0CA005DF79C /* 문자열 내 p와 y의 개수.swift */ = {isa = PBXFileReference; lastKnownFileType = sourcecode.swift; path = "문자열 내 p와 y의 개수.swift"; sourceTree = "<group>"; };
		323A9D1429A9B454005DF79C /* 정수 제곱근 판별.swift */ = {isa = PBXFileReference; lastKnownFileType = sourcecode.swift; path = "정수 제곱근 판별.swift"; sourceTree = "<group>"; };
		323A9D1629A9C002005DF79C /* x만큼 간격이 있는 n개의 숫자.swift */ = {isa = PBXFileReference; lastKnownFileType = sourcecode.swift; path = "x만큼 간격이 있는 n개의 숫자.swift"; sourceTree = "<group>"; };
		323A9D1829A9C2B8005DF79C /* 문자열을 정수로 바꾸기.swift */ = {isa = PBXFileReference; lastKnownFileType = sourcecode.swift; path = "문자열을 정수로 바꾸기.swift"; sourceTree = "<group>"; };
		323A9D1A29A9C5A8005DF79C /* 정수 내림차순으로 배치하기.swift */ = {isa = PBXFileReference; lastKnownFileType = sourcecode.swift; path = "정수 내림차순으로 배치하기.swift"; sourceTree = "<group>"; };
		323A9D1C29A9C726005DF79C /* 나머지가 1이 되는 수 찾기.swift */ = {isa = PBXFileReference; lastKnownFileType = sourcecode.swift; path = "나머지가 1이 되는 수 찾기.swift"; sourceTree = "<group>"; };
		323A9D1E29A9C8FF005DF79C /* 하샤드 수.swift */ = {isa = PBXFileReference; lastKnownFileType = sourcecode.swift; path = "하샤드 수.swift"; sourceTree = "<group>"; };
		323A9D2029A9CCEA005DF79C /* 두 정수 사이의 합.swift */ = {isa = PBXFileReference; lastKnownFileType = sourcecode.swift; path = "두 정수 사이의 합.swift"; sourceTree = "<group>"; };
		323A9D2229A9CF35005DF79C /* 콜라츠 추측.swift */ = {isa = PBXFileReference; lastKnownFileType = sourcecode.swift; path = "콜라츠 추측.swift"; sourceTree = "<group>"; };
		324247A62976674300382F74 /* 가까운 수.swift */ = {isa = PBXFileReference; lastKnownFileType = sourcecode.swift; path = "가까운 수.swift"; sourceTree = "<group>"; };
		324247A829766C7900382F74 /* 369게임.swift */ = {isa = PBXFileReference; lastKnownFileType = sourcecode.swift; path = "369게임.swift"; sourceTree = "<group>"; };
		324247AA29766E8900382F74 /* 대문자와 소문자.swift */ = {isa = PBXFileReference; lastKnownFileType = sourcecode.swift; path = "대문자와 소문자.swift"; sourceTree = "<group>"; };
		324247AC2976764600382F74 /* 영어가 싫어요.swift */ = {isa = PBXFileReference; lastKnownFileType = sourcecode.swift; path = "영어가 싫어요.swift"; sourceTree = "<group>"; };
		324247AE2976873C00382F74 /* 인덱스 바꾸기.swift */ = {isa = PBXFileReference; lastKnownFileType = sourcecode.swift; path = "인덱스 바꾸기.swift"; sourceTree = "<group>"; };
		324247B0297689CB00382F74 /* 한 번만 등장한 문자.swift */ = {isa = PBXFileReference; lastKnownFileType = sourcecode.swift; path = "한 번만 등장한 문자.swift"; sourceTree = "<group>"; };
		324247B229768FE900382F74 /* 약수 구하기.swift */ = {isa = PBXFileReference; lastKnownFileType = sourcecode.swift; path = "약수 구하기.swift"; sourceTree = "<group>"; };
		324247B42977960E00382F74 /* 가장 큰 수 찾기.swift */ = {isa = PBXFileReference; lastKnownFileType = sourcecode.swift; path = "가장 큰 수 찾기.swift"; sourceTree = "<group>"; };
		324247B62977A80400382F74 /* 문자열 계산하기.swift */ = {isa = PBXFileReference; lastKnownFileType = sourcecode.swift; path = "문자열 계산하기.swift"; sourceTree = "<group>"; };
		324247B82977AE8300382F74 /* 숫자 찾기.swift */ = {isa = PBXFileReference; lastKnownFileType = sourcecode.swift; path = "숫자 찾기.swift"; sourceTree = "<group>"; };
		324247BA2977BD6C00382F74 /* OX퀴즈.swift */ = {isa = PBXFileReference; lastKnownFileType = sourcecode.swift; path = "OX퀴즈.swift"; sourceTree = "<group>"; };
		324247C2297A48C100382F74 /* 문자열 정렬하기(2).swift */ = {isa = PBXFileReference; lastKnownFileType = sourcecode.swift; path = "문자열 정렬하기(2).swift"; sourceTree = "<group>"; };
		324247C4297A518000382F74 /* 7의 개수.swift */ = {isa = PBXFileReference; lastKnownFileType = sourcecode.swift; path = "7의 개수.swift"; sourceTree = "<group>"; };
		324247C6297A549300382F74 /* 잘라서 배열로 저장하기.swift */ = {isa = PBXFileReference; lastKnownFileType = sourcecode.swift; path = "잘라서 배열로 저장하기.swift"; sourceTree = "<group>"; };
		32557CEA29B3053900402202 /* JadenCase 문자열 만들기.swift */ = {isa = PBXFileReference; lastKnownFileType = sourcecode.swift; path = "JadenCase 문자열 만들기.swift"; sourceTree = "<group>"; };
		32557CEC29B6FB4A00402202 /* 올바른 괄호.swift */ = {isa = PBXFileReference; lastKnownFileType = sourcecode.swift; path = "올바른 괄호.swift"; sourceTree = "<group>"; };
		32557CEE29B70F9C00402202 /* 최솟값 만들기.swift */ = {isa = PBXFileReference; lastKnownFileType = sourcecode.swift; path = "최솟값 만들기.swift"; sourceTree = "<group>"; };
		327E05F92980EDAB00990E3E /* 직사각형 넓이 구하기.swift */ = {isa = PBXFileReference; lastKnownFileType = sourcecode.swift; path = "직사각형 넓이 구하기.swift"; sourceTree = "<group>"; };
		327E05FB2982371B00990E3E /* 캐릭터의 좌표.swift */ = {isa = PBXFileReference; lastKnownFileType = sourcecode.swift; path = "캐릭터의 좌표.swift"; sourceTree = "<group>"; };
		327E05FD29823EC300990E3E /* 최댓값 만들기(2).swift */ = {isa = PBXFileReference; lastKnownFileType = sourcecode.swift; path = "최댓값 만들기(2).swift"; sourceTree = "<group>"; };
		327E05FF29838C5D00990E3E /* 다항식 더하기.swift */ = {isa = PBXFileReference; lastKnownFileType = sourcecode.swift; path = "다항식 더하기.swift"; sourceTree = "<group>"; };
		327E06012983955800990E3E /* 숨어있는 숫자의 덧셈(2).swift */ = {isa = PBXFileReference; lastKnownFileType = sourcecode.swift; path = "숨어있는 숫자의 덧셈(2).swift"; sourceTree = "<group>"; };
		3281BB9E29C2D39F00FA2D50 /* 귤 고르기.swift */ = {isa = PBXFileReference; lastKnownFileType = sourcecode.swift; path = "귤 고르기.swift"; sourceTree = "<group>"; };
		3281BBA029C2DA1300FA2D50 /* 행렬의 곱셈.swift */ = {isa = PBXFileReference; lastKnownFileType = sourcecode.swift; path = "행렬의 곱셈.swift"; sourceTree = "<group>"; };
		3281BBA229C2E24C00FA2D50 /* 튜플.swift */ = {isa = PBXFileReference; lastKnownFileType = sourcecode.swift; path = "튜플.swift"; sourceTree = "<group>"; };
		3281BBA429C300AB00FA2D50 /* 프린터.swift */ = {isa = PBXFileReference; lastKnownFileType = sourcecode.swift; path = "프린터.swift"; sourceTree = "<group>"; };
		3281BBA729C3FCB200FA2D50 /* 다리를 지나는 트럭.swift */ = {isa = PBXFileReference; lastKnownFileType = sourcecode.swift; path = "다리를 지나는 트럭.swift"; sourceTree = "<group>"; };
		3281BBAA29C422C100FA2D50 /* 소수 찾기2.swift */ = {isa = PBXFileReference; lastKnownFileType = sourcecode.swift; path = "소수 찾기2.swift"; sourceTree = "<group>"; };
		328EC3112970237C007307D4 /* CodingTest_Swift */ = {isa = PBXFileReference; explicitFileType = "compiled.mach-o.executable"; includeInIndex = 0; path = CodingTest_Swift; sourceTree = BUILT_PRODUCTS_DIR; };
		328EC3142970237C007307D4 /* main.swift */ = {isa = PBXFileReference; lastKnownFileType = sourcecode.swift; path = main.swift; sourceTree = "<group>"; };
		328EC31D29702431007307D4 /* 배열 자르기.swift */ = {isa = PBXFileReference; fileEncoding = 4; lastKnownFileType = sourcecode.swift; path = "배열 자르기.swift"; sourceTree = "<group>"; };
		328EC31E29702431007307D4 /* 머쓱이보다 키 큰 사람.swift */ = {isa = PBXFileReference; fileEncoding = 4; lastKnownFileType = sourcecode.swift; path = "머쓱이보다 키 큰 사람.swift"; sourceTree = "<group>"; };
		328EC31F29702431007307D4 /* 문자 반복 출력하기.swift */ = {isa = PBXFileReference; fileEncoding = 4; lastKnownFileType = sourcecode.swift; path = "문자 반복 출력하기.swift"; sourceTree = "<group>"; };
		328EC32029702431007307D4 /* 짝수는 싫어요.swift */ = {isa = PBXFileReference; fileEncoding = 4; lastKnownFileType = sourcecode.swift; path = "짝수는 싫어요.swift"; sourceTree = "<group>"; };
		328EC32129702431007307D4 /* 아이스 아메리카노.swift */ = {isa = PBXFileReference; fileEncoding = 4; lastKnownFileType = sourcecode.swift; path = "아이스 아메리카노.swift"; sourceTree = "<group>"; };
		328EC32229702431007307D4 /* 특정 문자 제거하기.swift */ = {isa = PBXFileReference; fileEncoding = 4; lastKnownFileType = sourcecode.swift; path = "특정 문자 제거하기.swift"; sourceTree = "<group>"; };
		328EC32329702431007307D4 /* 팩토리얼.swift */ = {isa = PBXFileReference; fileEncoding = 4; lastKnownFileType = sourcecode.swift; path = "팩토리얼.swift"; sourceTree = "<group>"; };
		328EC32429702431007307D4 /* 중복된 숫자 개수.swift */ = {isa = PBXFileReference; fileEncoding = 4; lastKnownFileType = sourcecode.swift; path = "중복된 숫자 개수.swift"; sourceTree = "<group>"; };
		328EC32529702431007307D4 /* 각도기.swift */ = {isa = PBXFileReference; fileEncoding = 4; lastKnownFileType = sourcecode.swift; path = "각도기.swift"; sourceTree = "<group>"; };
		328EC32629702431007307D4 /* 합성수 찾기.swift */ = {isa = PBXFileReference; fileEncoding = 4; lastKnownFileType = sourcecode.swift; path = "합성수 찾기.swift"; sourceTree = "<group>"; };
		328EC32729702431007307D4 /* 삼각형의 완성조건(1).swift */ = {isa = PBXFileReference; fileEncoding = 4; lastKnownFileType = sourcecode.swift; path = "삼각형의 완성조건(1).swift"; sourceTree = "<group>"; };
		328EC32829702431007307D4 /* 최댓값 만들기(1).swift */ = {isa = PBXFileReference; fileEncoding = 4; lastKnownFileType = sourcecode.swift; path = "최댓값 만들기(1).swift"; sourceTree = "<group>"; };
		328EC32929702431007307D4 /* 옷 가게 할인 받기.swift */ = {isa = PBXFileReference; fileEncoding = 4; lastKnownFileType = sourcecode.swift; path = "옷 가게 할인 받기.swift"; sourceTree = "<group>"; };
		328EC32A29702431007307D4 /* 문자열 뒤집기.swift */ = {isa = PBXFileReference; fileEncoding = 4; lastKnownFileType = sourcecode.swift; path = "문자열 뒤집기.swift"; sourceTree = "<group>"; };
		328EC32B29702431007307D4 /* 양꼬치.swift */ = {isa = PBXFileReference; fileEncoding = 4; lastKnownFileType = sourcecode.swift; path = "양꼬치.swift"; sourceTree = "<group>"; };
		328EC32C29702431007307D4 /* 배열 원소의 길이.swift */ = {isa = PBXFileReference; fileEncoding = 4; lastKnownFileType = sourcecode.swift; path = "배열 원소의 길이.swift"; sourceTree = "<group>"; };
		328EC32D29702431007307D4 /* 피자 나눠먹기(3).swift */ = {isa = PBXFileReference; fileEncoding = 4; lastKnownFileType = sourcecode.swift; path = "피자 나눠먹기(3).swift"; sourceTree = "<group>"; };
		328EC32E29702431007307D4 /* 배열 뒤집기.swift */ = {isa = PBXFileReference; fileEncoding = 4; lastKnownFileType = sourcecode.swift; path = "배열 뒤집기.swift"; sourceTree = "<group>"; };
		328EC32F29702431007307D4 /* 피자 나눠먹기(1).swift */ = {isa = PBXFileReference; fileEncoding = 4; lastKnownFileType = sourcecode.swift; path = "피자 나눠먹기(1).swift"; sourceTree = "<group>"; };
		328EC33029702431007307D4 /* 짝수의 합.swift */ = {isa = PBXFileReference; fileEncoding = 4; lastKnownFileType = sourcecode.swift; path = "짝수의 합.swift"; sourceTree = "<group>"; };
		328EC33129702431007307D4 /* 나이 출력.swift */ = {isa = PBXFileReference; fileEncoding = 4; lastKnownFileType = sourcecode.swift; path = "나이 출력.swift"; sourceTree = "<group>"; };
		328EC33229702431007307D4 /* 짝수 홀수 개수.swift */ = {isa = PBXFileReference; fileEncoding = 4; lastKnownFileType = sourcecode.swift; path = "짝수 홀수 개수.swift"; sourceTree = "<group>"; };
		328EC33329702431007307D4 /* 직각삼각형 출력하기.swift */ = {isa = PBXFileReference; fileEncoding = 4; lastKnownFileType = sourcecode.swift; path = "직각삼각형 출력하기.swift"; sourceTree = "<group>"; };
		328EC33429702431007307D4 /* 점의 위치 구하기.swift */ = {isa = PBXFileReference; fileEncoding = 4; lastKnownFileType = sourcecode.swift; path = "점의 위치 구하기.swift"; sourceTree = "<group>"; };
		328EC33529702431007307D4 /* 주사위의 개수.swift */ = {isa = PBXFileReference; fileEncoding = 4; lastKnownFileType = sourcecode.swift; path = "주사위의 개수.swift"; sourceTree = "<group>"; };
		328EC33629702431007307D4 /* 배열의 평균값.swift */ = {isa = PBXFileReference; fileEncoding = 4; lastKnownFileType = sourcecode.swift; path = "배열의 평균값.swift"; sourceTree = "<group>"; };
		328EC35129702503007307D4 /* 모음 제거.swift */ = {isa = PBXFileReference; lastKnownFileType = sourcecode.swift; path = "모음 제거.swift"; sourceTree = "<group>"; };
		328EC35329702870007307D4 /* 문자열 정렬하기(1).swift */ = {isa = PBXFileReference; lastKnownFileType = sourcecode.swift; path = "문자열 정렬하기(1).swift"; sourceTree = "<group>"; };
		328EC35529702DC1007307D4 /* 숨어있는 숫자의 덧셈(1).swift */ = {isa = PBXFileReference; lastKnownFileType = sourcecode.swift; path = "숨어있는 숫자의 덧셈(1).swift"; sourceTree = "<group>"; };
		329B850429E66B1400DC1DA8 /* Longest Consecutive Sequence.swift */ = {isa = PBXFileReference; lastKnownFileType = sourcecode.swift; path = "Longest Consecutive Sequence.swift"; sourceTree = "<group>"; };
		329B850629E6855300DC1DA8 /* BFS.swift */ = {isa = PBXFileReference; lastKnownFileType = sourcecode.swift; path = BFS.swift; sourceTree = "<group>"; };
		329B850829E689DD00DC1DA8 /* n진수 게임.swift */ = {isa = PBXFileReference; lastKnownFileType = sourcecode.swift; path = "n진수 게임.swift"; sourceTree = "<group>"; };
		329E49CA29E928F500078C4F /* Number of Islands.swift */ = {isa = PBXFileReference; lastKnownFileType = sourcecode.swift; path = "Number of Islands.swift"; sourceTree = "<group>"; };
		329E49CC29EA1D6E00078C4F /* Shortest Path in Binary Matrix.swift */ = {isa = PBXFileReference; lastKnownFileType = sourcecode.swift; path = "Shortest Path in Binary Matrix.swift"; sourceTree = "<group>"; };
		329E49CE29ECF79800078C4F /* 오픈채팅방.swift */ = {isa = PBXFileReference; lastKnownFileType = sourcecode.swift; path = "오픈채팅방.swift"; sourceTree = "<group>"; };
		329E49D029ED16F600078C4F /* Keys and Rooms.swift */ = {isa = PBXFileReference; lastKnownFileType = sourcecode.swift; path = "Keys and Rooms.swift"; sourceTree = "<group>"; };
		32AAFB9D29725D0000DAF02E /* 소인수분해.swift */ = {isa = PBXFileReference; lastKnownFileType = sourcecode.swift; path = "소인수분해.swift"; sourceTree = "<group>"; };
		32AAFB9F297267C900DAF02E /* 컨트롤 제트.swift */ = {isa = PBXFileReference; lastKnownFileType = sourcecode.swift; path = "컨트롤 제트.swift"; sourceTree = "<group>"; };
		32AAFBA329726CC200DAF02E /* 중복된 문자 제거.swift */ = {isa = PBXFileReference; lastKnownFileType = sourcecode.swift; path = "중복된 문자 제거.swift"; sourceTree = "<group>"; };
		32AAFBA52972953A00DAF02E /* 세균 증식.swift */ = {isa = PBXFileReference; lastKnownFileType = sourcecode.swift; path = "세균 증식.swift"; sourceTree = "<group>"; };
		32AAFBA72972964E00DAF02E /* n의 배수 고르기.swift */ = {isa = PBXFileReference; lastKnownFileType = sourcecode.swift; path = "n의 배수 고르기.swift"; sourceTree = "<group>"; };
		32AAFBA92972B7ED00DAF02E /* 암호 해독.swift */ = {isa = PBXFileReference; lastKnownFileType = sourcecode.swift; path = "암호 해독.swift"; sourceTree = "<group>"; };
		32F23E9029BC35C0006EC74E /* 카펫.swift */ = {isa = PBXFileReference; lastKnownFileType = sourcecode.swift; path = "카펫.swift"; sourceTree = "<group>"; };
		32F23E9229BC4639006EC74E /* 예상 대진표.swift */ = {isa = PBXFileReference; lastKnownFileType = sourcecode.swift; path = "예상 대진표.swift"; sourceTree = "<group>"; };
		32F23E9429BC4B5A006EC74E /* N개의 최소공배수.swift */ = {isa = PBXFileReference; lastKnownFileType = sourcecode.swift; path = "N개의 최소공배수.swift"; sourceTree = "<group>"; };
		32F23E9629BC6519006EC74E /* 점프와 순간 이동.swift */ = {isa = PBXFileReference; lastKnownFileType = sourcecode.swift; path = "점프와 순간 이동.swift"; sourceTree = "<group>"; };
		32F23E9A29BC6EAB006EC74E /* 멀리 뛰기.swift */ = {isa = PBXFileReference; lastKnownFileType = sourcecode.swift; path = "멀리 뛰기.swift"; sourceTree = "<group>"; };
		32F23E9C29BD6579006EC74E /* H-Index.swift */ = {isa = PBXFileReference; lastKnownFileType = sourcecode.swift; path = "H-Index.swift"; sourceTree = "<group>"; };
		32F23E9E29BD6B61006EC74E /* 캐시.swift */ = {isa = PBXFileReference; lastKnownFileType = sourcecode.swift; path = "캐시.swift"; sourceTree = "<group>"; };
		32F23EA029BD7D87006EC74E /* 괄호 회전하기.swift */ = {isa = PBXFileReference; lastKnownFileType = sourcecode.swift; path = "괄호 회전하기.swift"; sourceTree = "<group>"; };
/* End PBXFileReference section */

/* Begin PBXFrameworksBuildPhase section */
		328EC30E2970237C007307D4 /* Frameworks */ = {
			isa = PBXFrameworksBuildPhase;
			buildActionMask = 2147483647;
			files = (
			);
			runOnlyForDeploymentPostprocessing = 0;
		};
/* End PBXFrameworksBuildPhase section */

/* Begin PBXGroup section */
		3203F16529B0593400C913B4 /* 프로그래머스 Level 2 */ = {
			isa = PBXGroup;
			children = (
				3203F16629B0594E00C913B4 /* 최댓값과 최솟값.swift */,
				32557CEA29B3053900402202 /* JadenCase 문자열 만들기.swift */,
				32323CE429F666AB00435F93 /* 땅따먹기.swift */,
				32323CE629F6706D00435F93 /* 방문 길이.swift */,
				32323CEC29FA29E300435F93 /* 2개 이하로 다른 비트.swift */,
				32323CEA29F8E64400435F93 /* 프렌즈4블록.swift */,
				32323CE829F78D1000435F93 /* 파일명 정렬.swift */,
				32323CE029F27A1200435F93 /* 모음 사전.swift */,
				32F23E9629BC6519006EC74E /* 점프와 순간 이동.swift */,
				32323CE229F64E4300435F93 /* [3차] 압축.swift */,
				32557CEE29B70F9C00402202 /* 최솟값 만들기.swift */,
				3206669D29D69EBE002DEA42 /* k진수에서 소수 개수 구하기.swift */,
				322B2DF529B9A6A20055FFC6 /* 이진 변환 반복하기.swift */,
				3281BB9E29C2D39F00FA2D50 /* 귤 고르기.swift */,
				322B2DF729B9AED70055FFC6 /* 피보나치 수.swift */,
				32323CDE29F0F75C00435F93 /* 스킬 트리.swift */,
				3209663729DFC39100C16A05 /* 후보키.swift */,
				3209663529DFB8AE00C16A05 /* 피로도.swift */,
				3281BBA029C2DA1300FA2D50 /* 행렬의 곱셈.swift */,
				322B2DFB29B9C18F0055FFC6 /* 짝지어 제거하기.swift */,
				3206669B29D58968002DEA42 /* 뉴스 클러스터링.swift */,
				3281BBA229C2E24C00FA2D50 /* 튜플.swift */,
				32F23E9E29BD6B61006EC74E /* 캐시.swift */,
				32F23EA029BD7D87006EC74E /* 괄호 회전하기.swift */,
				32F23E9A29BC6EAB006EC74E /* 멀리 뛰기.swift */,
				322B2DFD29B9C9920055FFC6 /* 영어 끝말잇기.swift */,
				32F23E9C29BD6579006EC74E /* H-Index.swift */,
				322B2DF929B9B6190055FFC6 /* 다음 큰 숫자.swift */,
				32F23E9029BC35C0006EC74E /* 카펫.swift */,
				32F23E9229BC4639006EC74E /* 예상 대진표.swift */,
				32F23E9429BC4B5A006EC74E /* N개의 최소공배수.swift */,
				3223D5E529CD38BC000901D7 /* n^2 배열 자르기.swift */,
				3225C4C629D126D40010919D /* 연속 부분 수열 합의 개수.swift */,
				3209663E29E3B9C400C16A05 /* 할인 행사.swift */,
				329B850829E689DD00DC1DA8 /* n진수 게임.swift */,
				3220A22129E7E996003B1013 /* 주차요금 계산.swift */,
				322BE64129EE5F4D0063564C /* 베스트앨범.swift */,
				329E49CE29ECF79800078C4F /* 오픈채팅방.swift */,
			);
			name = "프로그래머스 Level 2";
			path = "프로그래머스 Level 2";
			sourceTree = "<group>";
		};
		3223D5E029C811CD000901D7 /* 인프런 강의 */ = {
			isa = PBXGroup;
			children = (
				3209663C29DFEBB300C16A05 /* Daily Temperatures.swift */,
				3223D5E129C811DC000901D7 /* Two Sum.swift */,
				3209663929DFE47400C16A05 /* 괄호.swift */,
				3223D5E329C81B69000901D7 /* LinkedList.swift */,
				329B850429E66B1400DC1DA8 /* Longest Consecutive Sequence.swift */,
				329B850629E6855300DC1DA8 /* BFS.swift */,
				3220A21D29E7BE29003B1013 /* Lowest Common Ancestor of a Binary Tree.swift */,
				3220A21F29E7E21F003B1013 /* Maximum Depth of Binary Tree.swift */,
				329E49CA29E928F500078C4F /* Number of Islands.swift */,
				329E49CC29EA1D6E00078C4F /* Shortest Path in Binary Matrix.swift */,
				322BE64529EFCE790063564C /* Climbing Stairs.swift */,
				329E49D029ED16F600078C4F /* Keys and Rooms.swift */,
			);
			name = "인프런 강의";
			path = "인프런 강의";
			sourceTree = "<group>";
		};
		323A9D0729A8E1A6005DF79C /* 프로그래머스 Level 1 */ = {
			isa = PBXGroup;
			children = (
				323A9D0829A8E1B8005DF79C /* 짝수와 홀수.swift */,
				3203F15529AC711100C913B4 /* 가장 가까운 같은 글자.swift */,
				3203F14329AB39A600C913B4 /* 문자열 내 마음대로 정렬하기.swift */,
				3203F16129AF236100C913B4 /* 타깃 넘버.swift */,
				3203F15129AC63EE00C913B4 /* 2016년.swift */,
				3203F15F29AF187F00C913B4 /* 위장.swift */,
				3203F15929AC88E500C913B4 /* 모의고사.swift */,
				323A9D0A29A8E21D005DF79C /* 평균 구하기.swift */,
				3203F15B29ACD59600C913B4 /* 소수 만들기.swift */,
				3203F14F29AC598700C913B4 /* 콜라 문제.swift */,
				3203F15729AC845C00C913B4 /* 소수 찾기.swift */,
				3203F14929AB896000C913B4 /* 두 개 뽑아서 더하기.swift */,
				3203F14729AB810000C913B4 /* K번째수.swift */,
				3203F12B29A9F3D600C913B4 /* 문자열 다루기 기본.swift */,
				3203F14D29AB98AD00C913B4 /* 크기가 작은 부분문자열.swift */,
				3203F14529AB48DD00C913B4 /* 숫자 문자열과 영단어.swift */,
				3203F15329AC68CC00C913B4 /* 푸드 파이트 대회.swift */,
				3203F13B29AA356E00C913B4 /* 시저 암호.swift */,
				3203F13529AA0A4F00C913B4 /* 3진법 뒤집기.swift */,
				3203F13D29AB04F700C913B4 /* 삼총사.swift */,
				3203F13729AA2E6C00C913B4 /* 이상한 문자 만들기.swift */,
				3203F14129AB0E4800C913B4 /* [1차] 비밀지도.swift */,
				3203F13929AA340A00C913B4 /* 예산.swift */,
				3203F13F29AB0A9200C913B4 /* 최소직사각형.swift */,
				3203F11F29A9E10A00C913B4 /* 없는 숫자 더하기.swift */,
				3203F12D29A9FA5100C913B4 /* 부족한 금액 계산하기.swift */,
				323A9D0C29A8E2B3005DF79C /* 약수의 합.swift */,
				323A9D0E29A8E924005DF79C /* 자릿수 더하기.swift */,
				3203F12F29A9FBDA00C913B4 /* 행렬의 덧셈.swift */,
				3203F13329AA021300C913B4 /* 최대공약수와 최소공배수.swift */,
				3203F13129AA015800C913B4 /* 직사각형 별찍기.swift */,
				3203F12729A9EA6500C913B4 /* 문자열 내림차순으로 배치하기.swift */,
				3203F12329A9E7A500C913B4 /* 수박수박수박수박수박수?.swift */,
				3203F12529A9E89500C913B4 /* 내적.swift */,
				3203F12929A9F18200C913B4 /* 약수의 개수와 덧셈.swift */,
				323A9D1029A9AE38005DF79C /* 자연수 뒤집어 배열로 만들기.swift */,
				323A9D1A29A9C5A8005DF79C /* 정수 내림차순으로 배치하기.swift */,
				323A9D1429A9B454005DF79C /* 정수 제곱근 판별.swift */,
				323A9D1829A9C2B8005DF79C /* 문자열을 정수로 바꾸기.swift */,
				3203F12129A9E31B00C913B4 /* 가운데 글자 가져오기.swift */,
				323A9D1C29A9C726005DF79C /* 나머지가 1이 되는 수 찾기.swift */,
				323A9D1E29A9C8FF005DF79C /* 하샤드 수.swift */,
				323A9D1229A9B0CA005DF79C /* 문자열 내 p와 y의 개수.swift */,
				323A9D1629A9C002005DF79C /* x만큼 간격이 있는 n개의 숫자.swift */,
				3203F11529A9D6FB00C913B4 /* 서울에서 김서방 찾기.swift */,
				3203F11929A9DA9D00C913B4 /* 핸드폰 번호 가리기.swift */,
				3203F11729A9D94100C913B4 /* 나누어 떨어지는 숫자 배열.swift */,
				3203F11D29A9DF7800C913B4 /* 제일 작은 수 제거하기.swift */,
				323A9D2029A9CCEA005DF79C /* 두 정수 사이의 합.swift */,
				323A9D2229A9CF35005DF79C /* 콜라츠 추측.swift */,
				3203F11B29A9DE2800C913B4 /* 음양 더하기.swift */,
			);
			name = "프로그래머스 Level 1";
			path = "프로그래머스 Level 1";
			sourceTree = "<group>";
		};
		3281BBA629C3076600FA2D50 /* 스택_큐 */ = {
			isa = PBXGroup;
			children = (
				3203F16329B04AFC00C913B4 /* 기능개발.swift */,
				32557CEC29B6FB4A00402202 /* 올바른 괄호.swift */,
				3281BBA429C300AB00FA2D50 /* 프린터.swift */,
				3281BBA729C3FCB200FA2D50 /* 다리를 지나는 트럭.swift */,
			);
			name = "스택_큐";
			path = "스택_큐";
			sourceTree = "<group>";
		};
		3281BBA929C422B400FA2D50 /* 완전 탐색 */ = {
			isa = PBXGroup;
			children = (
				3281BBAA29C422C100FA2D50 /* 소수 찾기2.swift */,
			);
			name = "완전 탐색";
			path = "완전 탐색";
			sourceTree = "<group>";
		};
		328EC3082970237C007307D4 = {
			isa = PBXGroup;
			children = (
				328EC3132970237C007307D4 /* CodingTest_Swift */,
				328EC3122970237C007307D4 /* Products */,
			);
			sourceTree = "<group>";
		};
		328EC3122970237C007307D4 /* Products */ = {
			isa = PBXGroup;
			children = (
				328EC3112970237C007307D4 /* CodingTest_Swift */,
			);
			name = Products;
			sourceTree = "<group>";
		};
		328EC3132970237C007307D4 /* CodingTest_Swift */ = {
			isa = PBXGroup;
			children = (
				3223D5E029C811CD000901D7 /* 인프런 강의 */,
				328EC31B2970240E007307D4 /* 프로그래머스 */,
				328EC3142970237C007307D4 /* main.swift */,
			);
			path = CodingTest_Swift;
			sourceTree = "<group>";
		};
		328EC31B2970240E007307D4 /* 프로그래머스 */ = {
			isa = PBXGroup;
			children = (
				3281BBA929C422B400FA2D50 /* 완전 탐색 */,
				3281BBA629C3076600FA2D50 /* 스택_큐 */,
				3203F16529B0593400C913B4 /* 프로그래머스 Level 2 */,
				323A9D0729A8E1A6005DF79C /* 프로그래머스 Level 1 */,
				328EC31C29702419007307D4 /* 프로그래머스 기초문제 */,
			);
			name = "프로그래머스";
			path = "프로그래머스 기초문제";
			sourceTree = "<group>";
		};
		328EC31C29702419007307D4 /* 프로그래머스 기초문제 */ = {
			isa = PBXGroup;
			children = (
				328EC32529702431007307D4 /* 각도기.swift */,
				324247AE2976873C00382F74 /* 인덱스 바꾸기.swift */,
				327E06012983955800990E3E /* 숨어있는 숫자의 덧셈(2).swift */,
				327E05FF29838C5D00990E3E /* 다항식 더하기.swift */,
				324247B0297689CB00382F74 /* 한 번만 등장한 문자.swift */,
				328EC33129702431007307D4 /* 나이 출력.swift */,
				327E05FD29823EC300990E3E /* 최댓값 만들기(2).swift */,
				324247B229768FE900382F74 /* 약수 구하기.swift */,
				327E05F92980EDAB00990E3E /* 직사각형 넓이 구하기.swift */,
				324247AC2976764600382F74 /* 영어가 싫어요.swift */,
				324247C4297A518000382F74 /* 7의 개수.swift */,
				32AAFBA72972964E00DAF02E /* n의 배수 고르기.swift */,
				324247C6297A549300382F74 /* 잘라서 배열로 저장하기.swift */,
				327E05FB2982371B00990E3E /* 캐릭터의 좌표.swift */,
				32AAFBA92972B7ED00DAF02E /* 암호 해독.swift */,
				328EC31E29702431007307D4 /* 머쓱이보다 키 큰 사람.swift */,
				328EC31F29702431007307D4 /* 문자 반복 출력하기.swift */,
				328EC32A29702431007307D4 /* 문자열 뒤집기.swift */,
				324247C2297A48C100382F74 /* 문자열 정렬하기(2).swift */,
				324247AA29766E8900382F74 /* 대문자와 소문자.swift */,
				324247A829766C7900382F74 /* 369게임.swift */,
				324247B82977AE8300382F74 /* 숫자 찾기.swift */,
				323A9D0329A8DC25005DF79C /* A로B만들기.swift */,
				323A9D0529A8DEAD005DF79C /* K의 개수.swift */,
				328EC32E29702431007307D4 /* 배열 뒤집기.swift */,
				324247B62977A80400382F74 /* 문자열 계산하기.swift */,
				32AAFBA329726CC200DAF02E /* 중복된 문자 제거.swift */,
				324247BA2977BD6C00382F74 /* OX퀴즈.swift */,
				324247A62976674300382F74 /* 가까운 수.swift */,
				32AAFBA52972953A00DAF02E /* 세균 증식.swift */,
				32AAFB9F297267C900DAF02E /* 컨트롤 제트.swift */,
				328EC35329702870007307D4 /* 문자열 정렬하기(1).swift */,
				328EC32C29702431007307D4 /* 배열 원소의 길이.swift */,
				328EC31D29702431007307D4 /* 배열 자르기.swift */,
				328EC33629702431007307D4 /* 배열의 평균값.swift */,
				32AAFB9D29725D0000DAF02E /* 소인수분해.swift */,
				328EC32729702431007307D4 /* 삼각형의 완성조건(1).swift */,
				328EC32129702431007307D4 /* 아이스 아메리카노.swift */,
				328EC35529702DC1007307D4 /* 숨어있는 숫자의 덧셈(1).swift */,
				328EC32B29702431007307D4 /* 양꼬치.swift */,
				328EC32929702431007307D4 /* 옷 가게 할인 받기.swift */,
				328EC33429702431007307D4 /* 점의 위치 구하기.swift */,
				328EC33529702431007307D4 /* 주사위의 개수.swift */,
				328EC32429702431007307D4 /* 중복된 숫자 개수.swift */,
				328EC33329702431007307D4 /* 직각삼각형 출력하기.swift */,
				328EC33229702431007307D4 /* 짝수 홀수 개수.swift */,
				328EC32029702431007307D4 /* 짝수는 싫어요.swift */,
				328EC33029702431007307D4 /* 짝수의 합.swift */,
				328EC32829702431007307D4 /* 최댓값 만들기(1).swift */,
				328EC32229702431007307D4 /* 특정 문자 제거하기.swift */,
				328EC35129702503007307D4 /* 모음 제거.swift */,
				328EC32329702431007307D4 /* 팩토리얼.swift */,
				328EC32F29702431007307D4 /* 피자 나눠먹기(1).swift */,
				328EC32D29702431007307D4 /* 피자 나눠먹기(3).swift */,
				328EC32629702431007307D4 /* 합성수 찾기.swift */,
				324247B42977960E00382F74 /* 가장 큰 수 찾기.swift */,
			);
			name = "프로그래머스 기초문제";
			path = "프로그래머스 기초문제";
			sourceTree = "<group>";
		};
/* End PBXGroup section */

/* Begin PBXNativeTarget section */
		328EC3102970237C007307D4 /* CodingTest_Swift */ = {
			isa = PBXNativeTarget;
			buildConfigurationList = 328EC3182970237C007307D4 /* Build configuration list for PBXNativeTarget "CodingTest_Swift" */;
			buildPhases = (
				328EC30D2970237C007307D4 /* Sources */,
				328EC30E2970237C007307D4 /* Frameworks */,
				328EC30F2970237C007307D4 /* CopyFiles */,
			);
			buildRules = (
			);
			dependencies = (
			);
			name = CodingTest_Swift;
			productName = CodingTest_Swift;
			productReference = 328EC3112970237C007307D4 /* CodingTest_Swift */;
			productType = "com.apple.product-type.tool";
		};
/* End PBXNativeTarget section */

/* Begin PBXProject section */
		328EC3092970237C007307D4 /* Project object */ = {
			isa = PBXProject;
			attributes = {
				BuildIndependentTargetsInParallel = 1;
				LastSwiftUpdateCheck = 1420;
				LastUpgradeCheck = 1420;
				TargetAttributes = {
					328EC3102970237C007307D4 = {
						CreatedOnToolsVersion = 14.2;
					};
				};
			};
			buildConfigurationList = 328EC30C2970237C007307D4 /* Build configuration list for PBXProject "CodingTest_Swift" */;
			compatibilityVersion = "Xcode 14.0";
			developmentRegion = en;
			hasScannedForEncodings = 0;
			knownRegions = (
				en,
				Base,
			);
			mainGroup = 328EC3082970237C007307D4;
			productRefGroup = 328EC3122970237C007307D4 /* Products */;
			projectDirPath = "";
			projectRoot = "";
			targets = (
				328EC3102970237C007307D4 /* CodingTest_Swift */,
			);
		};
/* End PBXProject section */

/* Begin PBXSourcesBuildPhase section */
		328EC30D2970237C007307D4 /* Sources */ = {
			isa = PBXSourcesBuildPhase;
			buildActionMask = 2147483647;
			files = (
				324247B72977A80400382F74 /* 문자열 계산하기.swift in Sources */,
				322B2DF629B9A6A20055FFC6 /* 이진 변환 반복하기.swift in Sources */,
				32323CED29FA29E300435F93 /* 2개 이하로 다른 비트.swift in Sources */,
				3203F14E29AB98AD00C913B4 /* 크기가 작은 부분문자열.swift in Sources */,
				328EC34A29702431007307D4 /* 짝수의 합.swift in Sources */,
				323A9D0F29A8E924005DF79C /* 자릿수 더하기.swift in Sources */,
				328EC34E29702432007307D4 /* 점의 위치 구하기.swift in Sources */,
				3203F15829AC845C00C913B4 /* 소수 찾기.swift in Sources */,
				32AAFBA429726CC200DAF02E /* 중복된 문자 제거.swift in Sources */,
				3203F13C29AA356E00C913B4 /* 시저 암호.swift in Sources */,
				323A9D1529A9B454005DF79C /* 정수 제곱근 판별.swift in Sources */,
				322BE64229EE5F4D0063564C /* 베스트앨범.swift in Sources */,
				32AAFBA0297267C900DAF02E /* 컨트롤 제트.swift in Sources */,
				322B2DF829B9AED70055FFC6 /* 피보나치 수.swift in Sources */,
				32F23E9529BC4B5A006EC74E /* N개의 최소공배수.swift in Sources */,
				324247AF2976873C00382F74 /* 인덱스 바꾸기.swift in Sources */,
				329E49CF29ECF79800078C4F /* 오픈채팅방.swift in Sources */,
				328EC33F29702431007307D4 /* 각도기.swift in Sources */,
				32F23E9329BC4639006EC74E /* 예상 대진표.swift in Sources */,
				3220A22229E7E996003B1013 /* 주차요금 계산.swift in Sources */,
				3203F13829AA2E6C00C913B4 /* 이상한 문자 만들기.swift in Sources */,
				323A9D2329A9CF35005DF79C /* 콜라츠 추측.swift in Sources */,
				324247BB2977BD6C00382F74 /* OX퀴즈.swift in Sources */,
				3203F13429AA021300C913B4 /* 최대공약수와 최소공배수.swift in Sources */,
				328EC33D29702431007307D4 /* 팩토리얼.swift in Sources */,
				323A9D1329A9B0CA005DF79C /* 문자열 내 p와 y의 개수.swift in Sources */,
				3223D5E429C81B69000901D7 /* LinkedList.swift in Sources */,
				327E05FA2980EDAB00990E3E /* 직사각형 넓이 구하기.swift in Sources */,
				3203F14229AB0E4800C913B4 /* [1차] 비밀지도.swift in Sources */,
				3203F16029AF187F00C913B4 /* 위장.swift in Sources */,
				3203F16729B0594E00C913B4 /* 최댓값과 최솟값.swift in Sources */,
				3203F13A29AA340A00C913B4 /* 예산.swift in Sources */,
				32323CDF29F0F75C00435F93 /* 스킬 트리.swift in Sources */,
				3203F12429A9E7A500C913B4 /* 수박수박수박수박수박수?.swift in Sources */,
				328EC3152970237C007307D4 /* main.swift in Sources */,
				3281BB9F29C2D39F00FA2D50 /* 귤 고르기.swift in Sources */,
				329B850729E6855300DC1DA8 /* BFS.swift in Sources */,
				328EC34B29702431007307D4 /* 나이 출력.swift in Sources */,
				3203F11A29A9DA9D00C913B4 /* 핸드폰 번호 가리기.swift in Sources */,
				3209663F29E3B9C400C16A05 /* 할인 행사.swift in Sources */,
				329B850529E66B1400DC1DA8 /* Longest Consecutive Sequence.swift in Sources */,
				323A9D2129A9CCEA005DF79C /* 두 정수 사이의 합.swift in Sources */,
				3281BBA129C2DA1300FA2D50 /* 행렬의 곱셈.swift in Sources */,
				3209663D29DFEBB300C16A05 /* Daily Temperatures.swift in Sources */,
				322B2DFC29B9C18F0055FFC6 /* 짝지어 제거하기.swift in Sources */,
				323A9D0629A8DEAD005DF79C /* K의 개수.swift in Sources */,
				328EC35229702503007307D4 /* 모음 제거.swift in Sources */,
				324247C7297A549300382F74 /* 잘라서 배열로 저장하기.swift in Sources */,
				327E05FC2982371B00990E3E /* 캐릭터의 좌표.swift in Sources */,
				328EC34929702431007307D4 /* 피자 나눠먹기(1).swift in Sources */,
				328EC34D29702432007307D4 /* 직각삼각형 출력하기.swift in Sources */,
				3281BBAB29C422C100FA2D50 /* 소수 찾기2.swift in Sources */,
				32AAFB9E29725D0000DAF02E /* 소인수분해.swift in Sources */,
				32323CE729F6706D00435F93 /* 방문 길이.swift in Sources */,
				323A9D0D29A8E2B3005DF79C /* 약수의 합.swift in Sources */,
				3203F14429AB39A600C913B4 /* 문자열 내 마음대로 정렬하기.swift in Sources */,
				3220A21E29E7BE29003B1013 /* Lowest Common Ancestor of a Binary Tree.swift in Sources */,
				329E49CB29E928F500078C4F /* Number of Islands.swift in Sources */,
				328EC34829702431007307D4 /* 배열 뒤집기.swift in Sources */,
				324247A72976674300382F74 /* 가까운 수.swift in Sources */,
				327E05FE29823EC300990E3E /* 최댓값 만들기(2).swift in Sources */,
				328EC34029702431007307D4 /* 합성수 찾기.swift in Sources */,
				3203F16429B04AFC00C913B4 /* 기능개발.swift in Sources */,
				3203F13029A9FBDA00C913B4 /* 행렬의 덧셈.swift in Sources */,
				3209663A29DFE47400C16A05 /* 괄호.swift in Sources */,
				328EC34129702431007307D4 /* 삼각형의 완성조건(1).swift in Sources */,
				324247C5297A518000382F74 /* 7의 개수.swift in Sources */,
				3203F12829A9EA6500C913B4 /* 문자열 내림차순으로 배치하기.swift in Sources */,
				323A9D1729A9C002005DF79C /* x만큼 간격이 있는 n개의 숫자.swift in Sources */,
				328EC34329702431007307D4 /* 옷 가게 할인 받기.swift in Sources */,
				3203F15C29ACD59600C913B4 /* 소수 만들기.swift in Sources */,
				3203F12629A9E89500C913B4 /* 내적.swift in Sources */,
				3209663829DFC39100C16A05 /* 후보키.swift in Sources */,
				3209663629DFB8AE00C16A05 /* 피로도.swift in Sources */,
				329E49D129ED16F600078C4F /* Keys and Rooms.swift in Sources */,
				322B2DFA29B9B6190055FFC6 /* 다음 큰 숫자.swift in Sources */,
				32F23E9B29BC6EAB006EC74E /* 멀리 뛰기.swift in Sources */,
				3206669E29D69EBE002DEA42 /* k진수에서 소수 개수 구하기.swift in Sources */,
				32AAFBA62972953A00DAF02E /* 세균 증식.swift in Sources */,
				3203F15629AC711100C913B4 /* 가장 가까운 같은 글자.swift in Sources */,
				323A9D1129A9AE38005DF79C /* 자연수 뒤집어 배열로 만들기.swift in Sources */,
				328EC34F29702432007307D4 /* 주사위의 개수.swift in Sources */,
				323A9D0B29A8E21D005DF79C /* 평균 구하기.swift in Sources */,
				3203F13229AA015800C913B4 /* 직사각형 별찍기.swift in Sources */,
				3223D5E229C811DC000901D7 /* Two Sum.swift in Sources */,
				32323CEB29F8E64400435F93 /* 프렌즈4블록.swift in Sources */,
				3223D5E629CD38BC000901D7 /* n^2 배열 자르기.swift in Sources */,
				3203F16229AF236100C913B4 /* 타깃 넘버.swift in Sources */,
				32F23E9129BC35C0006EC74E /* 카펫.swift in Sources */,
				324247B92977AE8300382F74 /* 숫자 찾기.swift in Sources */,
				32557CEF29B70F9C00402202 /* 최솟값 만들기.swift in Sources */,
				3203F12229A9E31B00C913B4 /* 가운데 글자 가져오기.swift in Sources */,
				3203F11829A9D94100C913B4 /* 나누어 떨어지는 숫자 배열.swift in Sources */,
				324247AD2976764600382F74 /* 영어가 싫어요.swift in Sources */,
				3220A22029E7E21F003B1013 /* Maximum Depth of Binary Tree.swift in Sources */,
				3203F12029A9E10A00C913B4 /* 없는 숫자 더하기.swift in Sources */,
				3203F12C29A9F3D600C913B4 /* 문자열 다루기 기본.swift in Sources */,
				3281BBA829C3FCB200FA2D50 /* 다리를 지나는 트럭.swift in Sources */,
				323A9D1F29A9C8FF005DF79C /* 하샤드 수.swift in Sources */,
				32F23E9D29BD6579006EC74E /* H-Index.swift in Sources */,
				32AAFBAA2972B7ED00DAF02E /* 암호 해독.swift in Sources */,
				32557CED29B6FB4A00402202 /* 올바른 괄호.swift in Sources */,
				324247B1297689CB00382F74 /* 한 번만 등장한 문자.swift in Sources */,
				3203F12E29A9FA5100C913B4 /* 부족한 금액 계산하기.swift in Sources */,
				3203F11C29A9DE2800C913B4 /* 음양 더하기.swift in Sources */,
				32323CE329F64E4300435F93 /* [3차] 압축.swift in Sources */,
				328EC33E29702431007307D4 /* 중복된 숫자 개수.swift in Sources */,
				3203F15229AC63EE00C913B4 /* 2016년.swift in Sources */,
				328EC33B29702431007307D4 /* 아이스 아메리카노.swift in Sources */,
				3203F15429AC68CC00C913B4 /* 푸드 파이트 대회.swift in Sources */,
				328EC33829702431007307D4 /* 머쓱이보다 키 큰 사람.swift in Sources */,
				3281BBA329C2E24C00FA2D50 /* 튜플.swift in Sources */,
				329E49CD29EA1D6E00078C4F /* Shortest Path in Binary Matrix.swift in Sources */,
				323A9D0429A8DC25005DF79C /* A로B만들기.swift in Sources */,
				32F23EA129BD7D87006EC74E /* 괄호 회전하기.swift in Sources */,
				322BE64629EFCE790063564C /* Climbing Stairs.swift in Sources */,
				323A9D1B29A9C5A8005DF79C /* 정수 내림차순으로 배치하기.swift in Sources */,
				3203F13E29AB04F700C913B4 /* 삼총사.swift in Sources */,
				323A9D1D29A9C726005DF79C /* 나머지가 1이 되는 수 찾기.swift in Sources */,
				3203F14829AB810000C913B4 /* K번째수.swift in Sources */,
				328EC33A29702431007307D4 /* 짝수는 싫어요.swift in Sources */,
				32323CE129F27A1200435F93 /* 모음 사전.swift in Sources */,
				328EC35029702432007307D4 /* 배열의 평균값.swift in Sources */,
				328EC35429702870007307D4 /* 문자열 정렬하기(1).swift in Sources */,
				3203F15A29AC88E500C913B4 /* 모의고사.swift in Sources */,
				327E060029838C5D00990E3E /* 다항식 더하기.swift in Sources */,
				328EC35629702DC1007307D4 /* 숨어있는 숫자의 덧셈(1).swift in Sources */,
				328EC34629702431007307D4 /* 배열 원소의 길이.swift in Sources */,
				324247A929766C7900382F74 /* 369게임.swift in Sources */,
				32F23E9F29BD6B61006EC74E /* 캐시.swift in Sources */,
				3203F11E29A9DF7800C913B4 /* 제일 작은 수 제거하기.swift in Sources */,
				328EC33C29702431007307D4 /* 특정 문자 제거하기.swift in Sources */,
				328EC34229702431007307D4 /* 최댓값 만들기(1).swift in Sources */,
				323A9D0929A8E1B8005DF79C /* 짝수와 홀수.swift in Sources */,
				324247B52977960E00382F74 /* 가장 큰 수 찾기.swift in Sources */,
				3203F14029AB0A9200C913B4 /* 최소직사각형.swift in Sources */,
				328EC34729702431007307D4 /* 피자 나눠먹기(3).swift in Sources */,
				324247C3297A48C100382F74 /* 문자열 정렬하기(2).swift in Sources */,
				32AAFBA82972964E00DAF02E /* n의 배수 고르기.swift in Sources */,
				322B2DFE29B9C9920055FFC6 /* 영어 끝말잇기.swift in Sources */,
				324247AB29766E8900382F74 /* 대문자와 소문자.swift in Sources */,
				327E06022983955800990E3E /* 숨어있는 숫자의 덧셈(2).swift in Sources */,
				328EC34C29702431007307D4 /* 짝수 홀수 개수.swift in Sources */,
				323A9D1929A9C2B8005DF79C /* 문자열을 정수로 바꾸기.swift in Sources */,
				324247B329768FE900382F74 /* 약수 구하기.swift in Sources */,
				328EC33929702431007307D4 /* 문자 반복 출력하기.swift in Sources */,
				3281BBA529C300AB00FA2D50 /* 프린터.swift in Sources */,
				32323CE529F666AB00435F93 /* 땅따먹기.swift in Sources */,
				32323CE929F78D1000435F93 /* 파일명 정렬.swift in Sources */,
				328EC33729702431007307D4 /* 배열 자르기.swift in Sources */,
				3225C4C729D126D40010919D /* 연속 부분 수열 합의 개수.swift in Sources */,
				3203F12A29A9F18200C913B4 /* 약수의 개수와 덧셈.swift in Sources */,
				3203F11629A9D6FB00C913B4 /* 서울에서 김서방 찾기.swift in Sources */,
				3203F14629AB48DD00C913B4 /* 숫자 문자열과 영단어.swift in Sources */,
				329B850929E689DD00DC1DA8 /* n진수 게임.swift in Sources */,
				3203F13629AA0A4F00C913B4 /* 3진법 뒤집기.swift in Sources */,
				3203F14A29AB896000C913B4 /* 두 개 뽑아서 더하기.swift in Sources */,
				328EC34429702431007307D4 /* 문자열 뒤집기.swift in Sources */,
				32F23E9729BC6519006EC74E /* 점프와 순간 이동.swift in Sources */,
				3206669C29D58968002DEA42 /* 뉴스 클러스터링.swift in Sources */,
				3203F15029AC598700C913B4 /* 콜라 문제.swift in Sources */,
				32557CEB29B3053900402202 /* JadenCase 문자열 만들기.swift in Sources */,
				328EC34529702431007307D4 /* 양꼬치.swift in Sources */,
			);
			runOnlyForDeploymentPostprocessing = 0;
		};
/* End PBXSourcesBuildPhase section */

/* Begin XCBuildConfiguration section */
		328EC3162970237C007307D4 /* Debug */ = {
			isa = XCBuildConfiguration;
			buildSettings = {
				ALWAYS_SEARCH_USER_PATHS = NO;
				CLANG_ANALYZER_NONNULL = YES;
				CLANG_ANALYZER_NUMBER_OBJECT_CONVERSION = YES_AGGRESSIVE;
				CLANG_CXX_LANGUAGE_STANDARD = "gnu++20";
				CLANG_ENABLE_MODULES = YES;
				CLANG_ENABLE_OBJC_ARC = YES;
				CLANG_ENABLE_OBJC_WEAK = YES;
				CLANG_WARN_BLOCK_CAPTURE_AUTORELEASING = YES;
				CLANG_WARN_BOOL_CONVERSION = YES;
				CLANG_WARN_COMMA = YES;
				CLANG_WARN_CONSTANT_CONVERSION = YES;
				CLANG_WARN_DEPRECATED_OBJC_IMPLEMENTATIONS = YES;
				CLANG_WARN_DIRECT_OBJC_ISA_USAGE = YES_ERROR;
				CLANG_WARN_DOCUMENTATION_COMMENTS = YES;
				CLANG_WARN_EMPTY_BODY = YES;
				CLANG_WARN_ENUM_CONVERSION = YES;
				CLANG_WARN_INFINITE_RECURSION = YES;
				CLANG_WARN_INT_CONVERSION = YES;
				CLANG_WARN_NON_LITERAL_NULL_CONVERSION = YES;
				CLANG_WARN_OBJC_IMPLICIT_RETAIN_SELF = YES;
				CLANG_WARN_OBJC_LITERAL_CONVERSION = YES;
				CLANG_WARN_OBJC_ROOT_CLASS = YES_ERROR;
				CLANG_WARN_QUOTED_INCLUDE_IN_FRAMEWORK_HEADER = YES;
				CLANG_WARN_RANGE_LOOP_ANALYSIS = YES;
				CLANG_WARN_STRICT_PROTOTYPES = YES;
				CLANG_WARN_SUSPICIOUS_MOVE = YES;
				CLANG_WARN_UNGUARDED_AVAILABILITY = YES_AGGRESSIVE;
				CLANG_WARN_UNREACHABLE_CODE = YES;
				CLANG_WARN__DUPLICATE_METHOD_MATCH = YES;
				COPY_PHASE_STRIP = NO;
				DEBUG_INFORMATION_FORMAT = dwarf;
				ENABLE_STRICT_OBJC_MSGSEND = YES;
				ENABLE_TESTABILITY = YES;
				GCC_C_LANGUAGE_STANDARD = gnu11;
				GCC_DYNAMIC_NO_PIC = NO;
				GCC_NO_COMMON_BLOCKS = YES;
				GCC_OPTIMIZATION_LEVEL = 0;
				GCC_PREPROCESSOR_DEFINITIONS = (
					"DEBUG=1",
					"$(inherited)",
				);
				GCC_WARN_64_TO_32_BIT_CONVERSION = YES;
				GCC_WARN_ABOUT_RETURN_TYPE = YES_ERROR;
				GCC_WARN_UNDECLARED_SELECTOR = YES;
				GCC_WARN_UNINITIALIZED_AUTOS = YES_AGGRESSIVE;
				GCC_WARN_UNUSED_FUNCTION = YES;
				GCC_WARN_UNUSED_VARIABLE = YES;
				MACOSX_DEPLOYMENT_TARGET = 13.0;
				MTL_ENABLE_DEBUG_INFO = INCLUDE_SOURCE;
				MTL_FAST_MATH = YES;
				ONLY_ACTIVE_ARCH = YES;
				SDKROOT = macosx;
				SWIFT_ACTIVE_COMPILATION_CONDITIONS = DEBUG;
				SWIFT_OPTIMIZATION_LEVEL = "-Onone";
			};
			name = Debug;
		};
		328EC3172970237C007307D4 /* Release */ = {
			isa = XCBuildConfiguration;
			buildSettings = {
				ALWAYS_SEARCH_USER_PATHS = NO;
				CLANG_ANALYZER_NONNULL = YES;
				CLANG_ANALYZER_NUMBER_OBJECT_CONVERSION = YES_AGGRESSIVE;
				CLANG_CXX_LANGUAGE_STANDARD = "gnu++20";
				CLANG_ENABLE_MODULES = YES;
				CLANG_ENABLE_OBJC_ARC = YES;
				CLANG_ENABLE_OBJC_WEAK = YES;
				CLANG_WARN_BLOCK_CAPTURE_AUTORELEASING = YES;
				CLANG_WARN_BOOL_CONVERSION = YES;
				CLANG_WARN_COMMA = YES;
				CLANG_WARN_CONSTANT_CONVERSION = YES;
				CLANG_WARN_DEPRECATED_OBJC_IMPLEMENTATIONS = YES;
				CLANG_WARN_DIRECT_OBJC_ISA_USAGE = YES_ERROR;
				CLANG_WARN_DOCUMENTATION_COMMENTS = YES;
				CLANG_WARN_EMPTY_BODY = YES;
				CLANG_WARN_ENUM_CONVERSION = YES;
				CLANG_WARN_INFINITE_RECURSION = YES;
				CLANG_WARN_INT_CONVERSION = YES;
				CLANG_WARN_NON_LITERAL_NULL_CONVERSION = YES;
				CLANG_WARN_OBJC_IMPLICIT_RETAIN_SELF = YES;
				CLANG_WARN_OBJC_LITERAL_CONVERSION = YES;
				CLANG_WARN_OBJC_ROOT_CLASS = YES_ERROR;
				CLANG_WARN_QUOTED_INCLUDE_IN_FRAMEWORK_HEADER = YES;
				CLANG_WARN_RANGE_LOOP_ANALYSIS = YES;
				CLANG_WARN_STRICT_PROTOTYPES = YES;
				CLANG_WARN_SUSPICIOUS_MOVE = YES;
				CLANG_WARN_UNGUARDED_AVAILABILITY = YES_AGGRESSIVE;
				CLANG_WARN_UNREACHABLE_CODE = YES;
				CLANG_WARN__DUPLICATE_METHOD_MATCH = YES;
				COPY_PHASE_STRIP = NO;
				DEBUG_INFORMATION_FORMAT = "dwarf-with-dsym";
				ENABLE_NS_ASSERTIONS = NO;
				ENABLE_STRICT_OBJC_MSGSEND = YES;
				GCC_C_LANGUAGE_STANDARD = gnu11;
				GCC_NO_COMMON_BLOCKS = YES;
				GCC_WARN_64_TO_32_BIT_CONVERSION = YES;
				GCC_WARN_ABOUT_RETURN_TYPE = YES_ERROR;
				GCC_WARN_UNDECLARED_SELECTOR = YES;
				GCC_WARN_UNINITIALIZED_AUTOS = YES_AGGRESSIVE;
				GCC_WARN_UNUSED_FUNCTION = YES;
				GCC_WARN_UNUSED_VARIABLE = YES;
				MACOSX_DEPLOYMENT_TARGET = 13.0;
				MTL_ENABLE_DEBUG_INFO = NO;
				MTL_FAST_MATH = YES;
				SDKROOT = macosx;
				SWIFT_COMPILATION_MODE = wholemodule;
				SWIFT_OPTIMIZATION_LEVEL = "-O";
			};
			name = Release;
		};
		328EC3192970237C007307D4 /* Debug */ = {
			isa = XCBuildConfiguration;
			buildSettings = {
				CODE_SIGN_STYLE = Automatic;
				DEVELOPMENT_TEAM = FRZRS5Y9L6;
				ENABLE_HARDENED_RUNTIME = YES;
				PRODUCT_NAME = "$(TARGET_NAME)";
				SWIFT_VERSION = 5.0;
			};
			name = Debug;
		};
		328EC31A2970237C007307D4 /* Release */ = {
			isa = XCBuildConfiguration;
			buildSettings = {
				CODE_SIGN_STYLE = Automatic;
				DEVELOPMENT_TEAM = FRZRS5Y9L6;
				ENABLE_HARDENED_RUNTIME = YES;
				PRODUCT_NAME = "$(TARGET_NAME)";
				SWIFT_VERSION = 5.0;
			};
			name = Release;
		};
/* End XCBuildConfiguration section */

/* Begin XCConfigurationList section */
		328EC30C2970237C007307D4 /* Build configuration list for PBXProject "CodingTest_Swift" */ = {
			isa = XCConfigurationList;
			buildConfigurations = (
				328EC3162970237C007307D4 /* Debug */,
				328EC3172970237C007307D4 /* Release */,
			);
			defaultConfigurationIsVisible = 0;
			defaultConfigurationName = Release;
		};
		328EC3182970237C007307D4 /* Build configuration list for PBXNativeTarget "CodingTest_Swift" */ = {
			isa = XCConfigurationList;
			buildConfigurations = (
				328EC3192970237C007307D4 /* Debug */,
				328EC31A2970237C007307D4 /* Release */,
			);
			defaultConfigurationIsVisible = 0;
			defaultConfigurationName = Release;
		};
/* End XCConfigurationList section */
	};
	rootObject = 328EC3092970237C007307D4 /* Project object */;
}
